{
  "version": 4,
  "terraform_version": "0.15.0",
  "serial": 230,
  "lineage": "19539594-cc26-b1c8-bf76-55508cb0c2a9",
  "outputs": {},
  "resources": [
    {
      "mode": "data",
      "type": "google_client_config",
      "name": "provider",
      "provider": "provider[\"registry.terraform.io/hashicorp/google\"]",
      "instances": [
        {
          "schema_version": 0,
          "attributes": {
            "access_token": "ya29.c.KqgB_QdNVhfCTjeVvEy1uehqcEUribV3QaJHe0OhlzTIX6i5Bnol3OSnB7SIbggJhQi1x9GOFQH7nJyuHzVhVv_-7XUZ6Rocq1Y8I0GsO5QjSt3Oa6ADfcL7I89WhbZfQJe2sfLA1EslC_fKTZxHQO3P5wp-q0bnHzczqsyOi2Kjql4w68D61o-F4ENbuB0NTTi2evmZ_nTNHiwCVQf2jtD1-K0jYkX0ZX3c",
            "id": "projects/koho-deployment-test/regions/northamerica-northeast1/zones/",
            "project": "koho-deployment-test",
            "region": "northamerica-northeast1",
            "zone": ""
          },
          "sensitive_attributes": []
        }
      ]
    },
    {
      "mode": "data",
      "type": "google_container_cluster",
      "name": "main-cluster-zone-a",
      "provider": "provider[\"registry.terraform.io/hashicorp/google\"]",
      "instances": [
        {
          "schema_version": 0,
          "attributes": {
            "addons_config": [
              {
                "cloudrun_config": [],
                "horizontal_pod_autoscaling": [
                  {
                    "disabled": false
                  }
                ],
                "http_load_balancing": [
                  {
                    "disabled": false
                  }
                ],
                "network_policy_config": [
                  {
                    "disabled": true
                  }
                ]
              }
            ],
            "authenticator_groups_config": [],
            "cluster_autoscaling": [
              {
                "auto_provisioning_defaults": [],
                "enabled": false,
                "resource_limits": []
              }
            ],
            "cluster_ipv4_cidr": "10.96.0.0/19",
            "database_encryption": [
              {
                "key_name": "",
                "state": "DECRYPTED"
              }
            ],
            "datapath_provider": "",
            "default_max_pods_per_node": 110,
            "default_snat_status": [],
            "description": "",
            "enable_autopilot": null,
            "enable_binary_authorization": false,
            "enable_intranode_visibility": false,
            "enable_kubernetes_alpha": false,
            "enable_legacy_abac": false,
            "enable_shielded_nodes": true,
            "enable_tpu": false,
            "endpoint": "35.203.58.110",
            "id": "projects/koho-deployment-test/locations/northamerica-northeast1-b/clusters/main-cluster-zone-a",
            "initial_node_count": 0,
            "instance_group_urls": [
              "https://www.googleapis.com/compute/v1/projects/koho-deployment-test/zones/northamerica-northeast1-b/instanceGroups/gke-main-cluster-zone-a-default-pool-5d9f193a-grp"
            ],
            "ip_allocation_policy": [
              {
                "cluster_ipv4_cidr_block": "10.96.0.0/19",
                "cluster_secondary_range_name": "gke-main-cluster-zone-a-pods-60cd3da7",
                "services_ipv4_cidr_block": "10.36.0.0/20",
                "services_secondary_range_name": "gke-main-cluster-zone-a-services-60cd3da7"
              }
            ],
            "label_fingerprint": "a9dc16a7",
            "location": "northamerica-northeast1-b",
            "logging_service": "none",
            "maintenance_policy": [],
            "master_auth": [
              {
                "client_certificate": "",
                "client_certificate_config": [
                  {
                    "issue_client_certificate": false
                  }
                ],
                "client_key": "",
                "cluster_ca_certificate": "LS0tLS1CRUdJTiBDRVJUSUZJQ0FURS0tLS0tCk1JSURLekNDQWhPZ0F3SUJBZ0lSQU1DQ2I0MFFuU3RVbEpoZklOVjJabWN3RFFZSktvWklodmNOQVFFTEJRQXcKTHpFdE1Dc0dBMVVFQXhNa016Vm1PV1F4Wm1JdFpXSm1NeTAwWkRFMUxXRTVaRGd0TnpoallUWXdNR0U1TTJWagpNQjRYRFRJeE1EUXlPVEU0TXpjeU1Wb1hEVEkyTURReU9ERTVNemN5TVZvd0x6RXRNQ3NHQTFVRUF4TWtNelZtCk9XUXhabUl0WldKbU15MDBaREUxTFdFNVpEZ3ROemhqWVRZd01HRTVNMlZqTUlJQklqQU5CZ2txaGtpRzl3MEIKQVFFRkFBT0NBUThBTUlJQkNnS0NBUUVBa014YmpvOFFERXo3RHoxRzgxWXpJdFBiUndaZms0dzE3emdRdUFOaQpFcEQwQVdxRW5QYjJBLzB5N0F0QmFybnJyb3pERDBsSEhWSy8vOEVFVVU1QUIxYkZ5S3RkVzM4MmRpMnN4U2hVCjZid1hsOHJTYUwyc1NlS1M0TzFSdE5jOFFoVE9Ja2JaTlNYbDdXNDRZTGxwUUI0N3hmMlZJUENTUXI5clE0MXkKSCs1Vm92VE80b0hmc2FoN3hoV1N3T3VVZEZrdG5icTI1Z0JBaTRXZkpkR2t6bS9sdmdMK1pHSU5CSHNIbHpvWgpHMlh6N3N1ckdFVFJDSWhwbU14T1lsYXY0REIxN2hEdjNaS1R0RzN2RTZxZm1tbXZxZGo4Sk1lbHB2ZTRyemV4Ck5oRWdqaEhZbkcvMUhkNEtwVUZnVmFvMzhUVFFtdm8wNHFQaXpuT0s4dFJySlFJREFRQUJvMEl3UURBT0JnTlYKSFE4QkFmOEVCQU1DQWdRd0R3WURWUjBUQVFIL0JBVXdBd0VCL3pBZEJnTlZIUTRFRmdRVXplMnNtdWx0ZU1Xcwp4U0QrUkJMMGNjNW81aTh3RFFZSktvWklodmNOQVFFTEJRQURnZ0VCQUI4L1RKUmRUNXAwSHg3a0lmRndkL3o2CnpTODRzQm1oZ3FGTGNTaUp2YlpIdVRIRmNla29wSWdIdUwxTU9LTWx5MllqTjlvSEdrSExsZHZ5Qm1DL3J2bUMKV3E5d0JUdUZsV0RhQit1ZjQycFJwRmRHczNISy9IUENXQ3J6TTVMRXBRemFtL0hGM3ZUcWlvRkFoSlhzWVRVeApwVktYamxTSWViNXNtUGlqWk1uT2t2S3hPOUNEaTJhZXdOOFJVWmF5d3QzWHlhK016OGc3MmxHUVJtVC94WmYrCjlCK2twdDJWaXowSGZSa3FYRnlMbVcvbGNPL2lUMnU0cG00SVR2M2FKWjRjcis5MERjMlgxUWZ1NHd4Rm5SVW0KQjRrUkhvUzgyUllHeENYbEVNNVpwTzBUWVhac1B1ZWxzNVQrZGQ5SXhVaTlVbTkxYktrbC90REJ6YWdyeUdZPQotLS0tLUVORCBDRVJUSUZJQ0FURS0tLS0tCg==",
                "password": "",
                "username": ""
              }
            ],
            "master_authorized_networks_config": [],
            "master_version": "1.19.9-gke.1400",
            "min_master_version": null,
            "monitoring_service": "none",
            "name": "main-cluster-zone-a",
            "network": "projects/koho-deployment-test/global/networks/default",
            "network_policy": [
              {
                "enabled": false,
                "provider": "PROVIDER_UNSPECIFIED"
              }
            ],
            "networking_mode": "VPC_NATIVE",
            "node_config": [
              {
                "disk_size_gb": 40,
                "disk_type": "pd-standard",
                "guest_accelerator": [],
                "image_type": "COS_CONTAINERD",
                "labels": {
                  "test-node": "True"
                },
                "local_ssd_count": 0,
                "machine_type": "e2-micro",
                "metadata": {
                  "disable-legacy-endpoints": "true"
                },
                "min_cpu_platform": "",
                "oauth_scopes": [
                  "https://www.googleapis.com/auth/devstorage.read_only",
                  "https://www.googleapis.com/auth/logging.write",
                  "https://www.googleapis.com/auth/monitoring",
                  "https://www.googleapis.com/auth/service.management.readonly",
                  "https://www.googleapis.com/auth/servicecontrol",
                  "https://www.googleapis.com/auth/trace.append"
                ],
                "preemptible": false,
                "service_account": "default",
                "shielded_instance_config": [
                  {
                    "enable_integrity_monitoring": true,
                    "enable_secure_boot": false
                  }
                ],
                "tags": [],
                "taint": [],
                "workload_metadata_config": []
              }
            ],
            "node_locations": [],
            "node_pool": [
              {
                "autoscaling": [],
                "initial_node_count": 3,
                "instance_group_urls": [
                  "https://www.googleapis.com/compute/v1/projects/koho-deployment-test/zones/northamerica-northeast1-b/instanceGroupManagers/gke-main-cluster-zone-a-default-pool-5d9f193a-grp"
                ],
                "management": [
                  {
                    "auto_repair": false,
                    "auto_upgrade": false
                  }
                ],
                "max_pods_per_node": 110,
                "name": "default-pool",
                "name_prefix": "",
                "node_config": [
                  {
                    "disk_size_gb": 40,
                    "disk_type": "pd-standard",
                    "guest_accelerator": [],
                    "image_type": "COS_CONTAINERD",
                    "labels": {
                      "test-node": "True"
                    },
                    "local_ssd_count": 0,
                    "machine_type": "e2-micro",
                    "metadata": {
                      "disable-legacy-endpoints": "true"
                    },
                    "min_cpu_platform": "",
                    "oauth_scopes": [
                      "https://www.googleapis.com/auth/devstorage.read_only",
                      "https://www.googleapis.com/auth/logging.write",
                      "https://www.googleapis.com/auth/monitoring",
                      "https://www.googleapis.com/auth/service.management.readonly",
                      "https://www.googleapis.com/auth/servicecontrol",
                      "https://www.googleapis.com/auth/trace.append"
                    ],
                    "preemptible": false,
                    "service_account": "default",
                    "shielded_instance_config": [
                      {
                        "enable_integrity_monitoring": true,
                        "enable_secure_boot": false
                      }
                    ],
                    "tags": [],
                    "taint": [],
                    "workload_metadata_config": []
                  }
                ],
                "node_count": 3,
                "node_locations": [
                  "northamerica-northeast1-b"
                ],
                "upgrade_settings": [
                  {
                    "max_surge": 1,
                    "max_unavailable": 0
                  }
                ],
                "version": "1.19.9-gke.1400"
              }
            ],
            "node_version": "1.19.9-gke.1400",
            "operation": null,
            "pod_security_policy_config": null,
            "private_cluster_config": [],
            "private_ipv6_google_access": "",
            "project": "koho-deployment-test",
            "release_channel": [
              {
                "channel": "UNSPECIFIED"
              }
            ],
            "remove_default_node_pool": null,
            "resource_labels": {},
            "resource_usage_export_config": [],
            "self_link": "https://container.googleapis.com/v1beta1/projects/koho-deployment-test/zones/northamerica-northeast1-b/clusters/main-cluster-zone-a",
            "services_ipv4_cidr": "10.36.0.0/20",
            "subnetwork": "projects/koho-deployment-test/regions/northamerica-northeast1/subnetworks/default",
            "tpu_ipv4_cidr_block": "",
            "vertical_pod_autoscaling": [],
            "workload_identity_config": []
          },
          "sensitive_attributes": []
        }
      ]
    },
    {
      "mode": "managed",
      "type": "kubernetes_deployment",
      "name": "apache2_koho",
      "provider": "provider[\"registry.terraform.io/hashicorp/kubernetes\"]",
      "instances": [
        {
          "schema_version": 1,
          "attributes": {
            "id": "default/apache2-koho",
            "metadata": [
              {
                "annotations": null,
                "generate_name": "",
                "generation": 1,
                "labels": {
                  "app": "apache2-koho",
                  "role": "master",
                  "tier": "frontend"
                },
                "name": "apache2-koho",
                "namespace": "default",
                "resource_version": "382421",
                "self_link": "",
                "uid": "e8338222-613d-4f07-9e97-06eef2f4b098"
              }
            ],
            "spec": [
              {
                "min_ready_seconds": 0,
                "paused": false,
                "progress_deadline_seconds": 600,
                "replicas": "3",
                "revision_history_limit": 10,
                "selector": [
                  {
                    "match_expressions": [],
                    "match_labels": {
                      "app": "apache2-koho",
                      "role": "master",
                      "tier": "frontend"
                    }
                  }
                ],
                "strategy": [
                  {
                    "rolling_update": [
                      {
                        "max_surge": "1",
                        "max_unavailable": "1"
                      }
                    ],
                    "type": "RollingUpdate"
                  }
                ],
                "template": [
                  {
                    "metadata": [
                      {
                        "annotations": null,
                        "generate_name": "",
                        "generation": 0,
                        "labels": {
                          "app": "apache2-koho",
                          "role": "master",
                          "tier": "frontend"
                        },
                        "name": "",
                        "namespace": "",
                        "resource_version": "",
                        "self_link": "",
                        "uid": ""
                      }
                    ],
                    "spec": [
                      {
                        "active_deadline_seconds": 0,
                        "affinity": [],
                        "automount_service_account_token": true,
                        "container": [
                          {
                            "args": null,
                            "command": null,
                            "env": [
                              {
                                "name": "PORT",
                                "value": "80",
                                "value_from": []
                              }
                            ],
                            "env_from": [],
                            "image": "httpd:latest",
                            "image_pull_policy": "Always",
                            "lifecycle": [],
                            "liveness_probe": [
                              {
                                "exec": [],
                                "failure_threshold": 3,
                                "http_get": [
                                  {
                                    "host": "",
                                    "http_header": [],
                                    "path": "/",
                                    "port": "80",
                                    "scheme": "HTTP"
                                  }
                                ],
                                "initial_delay_seconds": 2,
                                "period_seconds": 10,
                                "success_threshold": 1,
                                "tcp_socket": [],
                                "timeout_seconds": 1
                              }
                            ],
                            "name": "apache2",
                            "port": [],
                            "readiness_probe": [],
                            "resources": [
                              {
                                "limits": null,
                                "requests": null
                              }
                            ],
                            "security_context": [],
                            "startup_probe": [],
                            "stdin": false,
                            "stdin_once": false,
                            "termination_message_path": "/dev/termination-log",
                            "termination_message_policy": "File",
                            "tty": false,
                            "volume_mount": [],
                            "working_dir": ""
                          }
                        ],
                        "dns_config": [],
                        "dns_policy": "ClusterFirst",
                        "enable_service_links": true,
                        "host_aliases": [],
                        "host_ipc": false,
                        "host_network": false,
                        "host_pid": false,
                        "hostname": "",
                        "image_pull_secrets": [],
                        "init_container": [],
                        "node_name": "",
                        "node_selector": null,
                        "priority_class_name": "",
                        "readiness_gate": [],
                        "restart_policy": "Always",
                        "security_context": [],
                        "service_account_name": "",
                        "share_process_namespace": false,
                        "subdomain": "",
                        "termination_grace_period_seconds": 30,
                        "toleration": [],
                        "topology_spread_constraint": [],
                        "volume": []
                      }
                    ]
                  }
                ]
              }
            ],
            "timeouts": null,
            "wait_for_rollout": true
          },
          "sensitive_attributes": [],
          "private": "eyJlMmJmYjczMC1lY2FhLTExZTYtOGY4OC0zNDM2M2JjN2M0YzAiOnsiY3JlYXRlIjo2MDAwMDAwMDAwMDAsImRlbGV0ZSI6NjAwMDAwMDAwMDAwLCJ1cGRhdGUiOjYwMDAwMDAwMDAwMH0sInNjaGVtYV92ZXJzaW9uIjoiMSJ9",
          "dependencies": [
            "data.google_client_config.provider",
            "data.google_container_cluster.main-cluster-zone-a"
          ]
        }
      ]
    },
    {
      "mode": "managed",
      "type": "kubernetes_ingress",
      "name": "apache2_ingress",
      "provider": "provider[\"registry.terraform.io/hashicorp/kubernetes\"]",
      "instances": [
        {
          "schema_version": 1,
          "attributes": {
            "id": "default/apache2-ingress",
            "metadata": [
              {
                "annotations": {
                  "kubernetes.io/ingress.class": "gce"
                },
                "generate_name": "",
                "generation": 1,
                "labels": null,
                "name": "apache2-ingress",
                "namespace": "default",
                "resource_version": "382437",
                "self_link": "",
                "uid": "7b6ec7bf-3d56-4ad8-8492-d7fa6dc8774e"
              }
            ],
            "spec": [
              {
                "backend": [],
                "ingress_class_name": "",
                "rule": [
                  {
                    "host": "koho.rescuityonline.com",
                    "http": [
                      {
                        "path": [
                          {
                            "backend": [
                              {
                                "service_name": "apache2",
                                "service_port": "8080"
                              }
                            ],
                            "path": "/*"
                          }
                        ]
                      }
                    ]
                  }
                ],
                "tls": [
                  {
                    "hosts": [
                      "koho.rescuityonline.com"
                    ],
                    "secret_name": "koho-tls"
                  }
                ]
              }
            ],
            "status": [
              {
                "load_balancer": [
                  {
                    "ingress": []
                  }
                ]
              }
            ],
            "wait_for_load_balancer": null
          },
          "sensitive_attributes": [],
          "private": "eyJzY2hlbWFfdmVyc2lvbiI6IjEifQ==",
          "dependencies": [
            "data.google_client_config.provider",
            "data.google_container_cluster.main-cluster-zone-a",
            "kubernetes_deployment.apache2_koho",
            "kubernetes_service.koho-rescuityonline"
          ]
        }
      ]
    },
    {
      "mode": "managed",
      "type": "kubernetes_secret",
      "name": "koho_tls",
      "provider": "provider[\"registry.terraform.io/hashicorp/kubernetes\"]",
      "instances": [
        {
          "schema_version": 0,
          "attributes": {
            "binary_data": null,
            "data": {
              "tls.crt": "-----BEGIN CERTIFICATE-----\nMIIDSzCCAjOgAwIBAgIUEj4KDrLVFYHzpGyx7h3V3Gn20iEwDQYJKoZIhvcNAQEL\nBQAwNTEgMB4GA1UEAwwXa29oby5yZXNjdWl0eW9ubGluZS5jb20xETAPBgNVBAoM\nCGtvaG8tdGxzMB4XDTIxMDQzMDEzMjMzMloXDTIyMDQzMDEzMjMzMlowNTEgMB4G\nA1UEAwwXa29oby5yZXNjdWl0eW9ubGluZS5jb20xETAPBgNVBAoMCGtvaG8tdGxz\nMIIBIjANBgkqhkiG9w0BAQEFAAOCAQ8AMIIBCgKCAQEAy8plA1hWCykhRnCKHCus\n0Y2LxTg4OncNYxZsMWBNrt2FaQSSqavw+akFCterbSmXg+fJVzlBDkZu0KFsR4Np\nrxAsgn+W7wklRT/VNVgep+vtfe88TC8SsrMhkmaWwRW/B627V+jQCpI1LpX+gz4+\neInoezcSOz+vE8zPRvESMQTqN9GuD0WirVtsvlGIcK1cfO/rhlcz8BkdBjWgtjhy\nbEONUNU8nKlKiaXvflvb+EHHrq+iLpMCh2s+drO9tYfjPw3OGWuQW82kCP+vB5ec\nGYRmkBIbE8/Ti897B1H/udvITqIv1OogF7vBcnlOMu5cpDI7EG7e5PlAny27UIn7\nJwIDAQABo1MwUTAdBgNVHQ4EFgQUGTKn78nrThi2002qmCuazBbFvRswHwYDVR0j\nBBgwFoAUGTKn78nrThi2002qmCuazBbFvRswDwYDVR0TAQH/BAUwAwEB/zANBgkq\nhkiG9w0BAQsFAAOCAQEALg/TotnFcm2DXh2FYLw0TvVkAJY3U/X8EMPv7hysOi4C\nMU3vaj1Zko1l+g070dAjNh/y83H3DYaEH7GQW1mm4v4Caai+chAaatbeSIY8O0Q7\nHnjyonqgfKFc+AuROApKixQpiaOG13YVeZVPygefOQhhJ5/6ymjbfVZg0qVovZCX\nI24QhxHh/p10WOuKYCj6USYSDXMrxQKvlTk1CM53v8a2Hfu84bRplUm4gtkH72MN\nMNCudC62j1SH69pZDuRbNl1pk+UBRWbI2ipm/AIeP1W1MIwNASq7ZM8Nvuqfddg+\nYZTnyCTRYw4SfqWpp6nmndiRG3UVnJe1uOcYFuPSWg==\n-----END CERTIFICATE-----\n",
              "tls.key": "-----BEGIN PRIVATE KEY-----\nMIIEvQIBADANBgkqhkiG9w0BAQEFAASCBKcwggSjAgEAAoIBAQDLymUDWFYLKSFG\ncIocK6zRjYvFODg6dw1jFmwxYE2u3YVpBJKpq/D5qQUK16ttKZeD58lXOUEORm7Q\noWxHg2mvECyCf5bvCSVFP9U1WB6n6+197zxMLxKysyGSZpbBFb8HrbtX6NAKkjUu\nlf6DPj54ieh7NxI7P68TzM9G8RIxBOo30a4PRaKtW2y+UYhwrVx87+uGVzPwGR0G\nNaC2OHJsQ41Q1TycqUqJpe9+W9v4Qceur6IukwKHaz52s721h+M/Dc4Za5BbzaQI\n/68Hl5wZhGaQEhsTz9OLz3sHUf+528hOoi/U6iAXu8FyeU4y7lykMjsQbt7k+UCf\nLbtQifsnAgMBAAECggEBAK08dRgd3K8KHLZDbrQ50GQmvj096FaS47dq1Tg4FHFk\n8Ebw0zgW6PdiXd30rk5Sv/EqdXaHPi1DZGpH/sLgDFP8HMomagjzLlKqy7TYHt9C\naJXYa9qbXXq5Wf2Y5ehncwe1AP/e8hM6bKkYas3oeLSBDzbG/uGM5miff0hgH8W4\nUjJ4Q5nNzVjbnvpIc/3NXyC/VifYv0hQJP2nAisbmgJRa7RWXuHr1jMy6b1XSCMq\nhIR2JmVS1NtfgT6JPv8WNXMbqxhTL2NGrCc0ODzrcfM4MJeENxW4boI+qhxTEfYB\nKFco9cUIWEheIMq4SmrcFjpXlr2iCVEPG4LSgJblgPECgYEA7irry2jXyrww0IVZ\nWzFW0/A4XqMAOjj6zKHaw9lhTGrvyHmjaywFYIa0jTOh1wUG8ntbluUhe3bhh+Bg\nHaXPMNbNjRDWKdsdZt1/ImXFYxUN+kbM1+/v0BXm67gukHUWriLSgOzZi6Dpzsk0\ntfNoGQbeLc8hJ3qq63By8RcEpvkCgYEA2wyNHbYPVaOfoYMRmIdvJAVsttv3CZdc\nAvlWsh48Ji9Mte4zv0BHF3driXNWoiXcVczeCXEq3NdYWp2AhHBALXkPOj8c5OPV\nPLAhSj2oYBdquq5CRvo1YYsDXJQszYYbk56KmaUSV9BtmAXQUY90ZKkuF0atI7Hc\nDuCOmLgpmx8CgYBVfubiQCKmzmOflx76k32d2zABGPZt8CJn7vo/L/uzmPe2uaOm\nR0ku22xY+93u+AkEZq/8PQiF76kKQ8t9GRaFa7aiGxcmM1gcowqOaIYxCU/ZNi02\nnxUxV4trttRQWxfnLuzuBxgY/YyxBJ19a4FE6qg7PY2jRG+y0M0SKrcq0QKBgAhc\n1E5cEv3L/14lKNjP4thXNK1OfIHrO2IJrtuh993lVGJls6gLhitJLdvTgW0zUNQd\nvCRUI7TGq+LZvHxR5MFXq9MncazzXcKxXrP84p64hiSWXoVjLAKLUheIuKUoB4l9\nNgFjoe2kUWrKXgefGGx3YQEWe6mvMp2GySrfbQc1AoGAG6XkPMjNHsTOsPM6fI+P\nJxhp8VPEYuAwV4kQjivrdIvUReY/O3yBIH6JahosoCgvXmKEdMkpnW5Uz7PIunz6\ntHDycWVGthGvntQP8sbmOXztwiqU9ZrY6YULpEDyM/N+mvjzeq0s0fZ6UQWiK+qJ\nZJCJpCxo7MHc/xKuyu52Tnc=\n-----END PRIVATE KEY-----\n"
            },
            "id": "default/koho-tls",
            "metadata": [
              {
                "annotations": null,
                "generate_name": "",
                "generation": 0,
                "labels": null,
                "name": "koho-tls",
                "namespace": "default",
                "resource_version": "382376",
                "self_link": "",
                "uid": "6f35c839-6596-4f8f-b02c-131d3825b0ea"
              }
            ],
            "type": "kubernetes.io/tls"
          },
          "sensitive_attributes": [],
          "private": "bnVsbA==",
          "dependencies": [
            "data.google_client_config.provider",
            "data.google_container_cluster.main-cluster-zone-a"
          ]
        }
      ]
    },
    {
      "mode": "managed",
      "type": "kubernetes_service",
      "name": "koho-rescuityonline",
      "provider": "provider[\"registry.terraform.io/hashicorp/kubernetes\"]",
      "instances": [
        {
          "schema_version": 1,
          "attributes": {
            "id": "default/apache2",
            "metadata": [
              {
                "annotations": {
                  "cloud.google.com/neg": "{\"ingress\":true}"
                },
                "generate_name": "",
                "generation": 0,
                "labels": null,
                "name": "apache2",
                "namespace": "default",
                "resource_version": "382431",
                "self_link": "",
                "uid": "11d15e5e-ebbd-435c-afcd-af21fe2a7d46"
              }
            ],
            "spec": [
              {
                "cluster_ip": "10.36.1.93",
                "external_ips": null,
                "external_name": "",
                "external_traffic_policy": "Cluster",
                "health_check_node_port": 0,
                "load_balancer_ip": "",
                "load_balancer_source_ranges": null,
                "port": [
                  {
                    "name": "http",
                    "node_port": 30954,
                    "port": 8080,
                    "protocol": "TCP",
                    "target_port": "80"
                  }
                ],
                "publish_not_ready_addresses": false,
                "selector": {
                  "app": "apache2-koho"
                },
                "session_affinity": "ClientIP",
                "type": "NodePort"
              }
            ],
            "status": [
              {
                "load_balancer": [
                  {
                    "ingress": []
                  }
                ]
              }
            ],
            "timeouts": null,
            "wait_for_load_balancer": true
          },
          "sensitive_attributes": [],
          "private": "eyJlMmJmYjczMC1lY2FhLTExZTYtOGY4OC0zNDM2M2JjN2M0YzAiOnsiY3JlYXRlIjo2MDAwMDAwMDAwMDB9LCJzY2hlbWFfdmVyc2lvbiI6IjEifQ==",
          "dependencies": [
            "data.google_client_config.provider",
            "data.google_container_cluster.main-cluster-zone-a",
            "kubernetes_deployment.apache2_koho"
          ]
        }
      ]
    }
  ]
}
