{
  "version": 4,
  "terraform_version": "0.15.0",
  "serial": 221,
  "lineage": "5bdfd615-4cea-9579-edb2-53e9b6926cce",
  "outputs": {},
  "resources": [
    {
      "mode": "data",
      "type": "google_client_config",
      "name": "provider",
      "provider": "provider[\"registry.terraform.io/hashicorp/google\"]",
      "instances": [
        {
          "schema_version": 0,
          "attributes": {
            "access_token": "ya29.c.KqgB_Qe16KHDTG-1A5KFG-ikTiO_D-lMXNDKvG23wwERDORCYnyvH48S-2F9W3Fq0MumpyViMNSoXM4dhSjAkOFlXN3pAh7hGmNS1pGvNSOtvy2Afl4hT3LU63nBtMkQyMLC91XSVqqikeED4HgZ5Odyo8AOK9FgMsZfJMRvJdeAY50kRpGOH2m2p_qy-xForx3y1YtrUSbmz_P6t7oTntb3WBKPO5VnmAbw",
            "id": "projects/koho-deployment-test/regions/northamerica-northeast1/zones/",
            "project": "koho-deployment-test",
            "region": "northamerica-northeast1",
            "zone": ""
          },
          "sensitive_attributes": []
        }
      ]
    },
    {
      "mode": "data",
      "type": "google_container_cluster",
      "name": "main-zone",
      "provider": "provider[\"registry.terraform.io/hashicorp/google\"]",
      "instances": [
        {
          "schema_version": 0,
          "attributes": {
            "addons_config": [
              {
                "cloudrun_config": [],
                "horizontal_pod_autoscaling": [
                  {
                    "disabled": false
                  }
                ],
                "http_load_balancing": [
                  {
                    "disabled": false
                  }
                ],
                "network_policy_config": [
                  {
                    "disabled": true
                  }
                ]
              }
            ],
            "authenticator_groups_config": [],
            "cluster_autoscaling": [
              {
                "auto_provisioning_defaults": [],
                "enabled": false,
                "resource_limits": []
              }
            ],
            "cluster_ipv4_cidr": "10.96.0.0/19",
            "database_encryption": [
              {
                "key_name": "",
                "state": "DECRYPTED"
              }
            ],
            "datapath_provider": "",
            "default_max_pods_per_node": 110,
            "default_snat_status": [],
            "description": "",
            "enable_autopilot": null,
            "enable_binary_authorization": false,
            "enable_intranode_visibility": false,
            "enable_kubernetes_alpha": false,
            "enable_legacy_abac": false,
            "enable_shielded_nodes": true,
            "enable_tpu": false,
            "endpoint": "35.203.80.172",
            "id": "projects/koho-deployment-test/locations/northamerica-northeast1-a/clusters/main-zone",
            "initial_node_count": 0,
            "instance_group_urls": [
              "https://www.googleapis.com/compute/v1/projects/koho-deployment-test/zones/northamerica-northeast1-a/instanceGroups/gke-main-zone-default-pool-e6d5ee03-grp",
              "https://www.googleapis.com/compute/v1/projects/koho-deployment-test/zones/northamerica-northeast1-b/instanceGroups/gke-main-zone-default-pool-720842dd-grp",
              "https://www.googleapis.com/compute/v1/projects/koho-deployment-test/zones/northamerica-northeast1-c/instanceGroups/gke-main-zone-default-pool-9f915126-grp"
            ],
            "ip_allocation_policy": [
              {
                "cluster_ipv4_cidr_block": "10.96.0.0/19",
                "cluster_secondary_range_name": "gke-main-zone-pods-88d0ab6b",
                "services_ipv4_cidr_block": "10.23.96.0/20",
                "services_secondary_range_name": "gke-main-zone-services-88d0ab6b"
              }
            ],
            "label_fingerprint": "a9dc16a7",
            "location": "northamerica-northeast1-a",
            "logging_service": "none",
            "maintenance_policy": [],
            "master_auth": [
              {
                "client_certificate": "",
                "client_certificate_config": [
                  {
                    "issue_client_certificate": false
                  }
                ],
                "client_key": "",
                "cluster_ca_certificate": "LS0tLS1CRUdJTiBDRVJUSUZJQ0FURS0tLS0tCk1JSURLekNDQWhPZ0F3SUJBZ0lSQU5ZeUpINFYxdDdqM3o0dGp3NE96RGd3RFFZSktvWklodmNOQVFFTEJRQXcKTHpFdE1Dc0dBMVVFQXhNa05UWmpNV0ZtT0dJdE5ETTBZaTAwTURFNUxUaGtPREl0T0RreFkyRmhaR0k0TjJFeApNQjRYRFRJeE1EVXdNVEF3TVRNeU1sb1hEVEkyTURRek1EQXhNVE15TWxvd0x6RXRNQ3NHQTFVRUF4TWtOVFpqCk1XRm1PR0l0TkRNMFlpMDBNREU1TFRoa09ESXRPRGt4WTJGaFpHSTROMkV4TUlJQklqQU5CZ2txaGtpRzl3MEIKQVFFRkFBT0NBUThBTUlJQkNnS0NBUUVBa0FhMWY2Y2s1V09YL0RROEFxejA0dU9lb3prUEJtVXBlYk4zOEoyeQpDdENCZ0twdGlMTW5NWXdMbGlMeXI2dUc2ZnlLT01Ga05DcG9hL3Vmc015d3VMV3hzS1hvcVZXcjl6dXR1cEZRCnc2L2VxR05XTm42bnA1YjN3UnVCRmVOWEh2MVJjMDhNbDRwa2dpb21sdS95RnpWZDZRaGlkNmhkTzZneHBSYVIKL2d6NGlrRWNxNFh1SnV4MlZwQ2JtbVgycTNIRGlEQllleXFSQm10V3hxOG9TN2JTMVBpUnRSVEhuT0RmNGp3SQpHK3RzSzR0SVB1ZnN2L1ZaVi9tYVp6bW5OQUlDYWNBN1ZqSHJhdjlPRmEyejV6cDEwSHRUcm1SUUpTRDg0TnFoCkJOT3RyMXhaRisvWmZVdmRTbE9KMCs3b2JqKy8wWnBLdzRPNXphRUdmOWdjVlFJREFRQUJvMEl3UURBT0JnTlYKSFE4QkFmOEVCQU1DQWdRd0R3WURWUjBUQVFIL0JBVXdBd0VCL3pBZEJnTlZIUTRFRmdRVXgwdXQxYk5OMkgvRApHaUR6OGlwdXF4Y3JNNzB3RFFZSktvWklodmNOQVFFTEJRQURnZ0VCQUcrbnNoNHB2QUdDVXVJejdJUVRoVTJiCjdGMzFzSWNtWWpFN3RYU1hMbGtIeGVkRkpNQUpVczIrOFpSRnZvMmJFaWpSQ2pYdFJwTlNIOTR1TDF6eXVUUXkKYUQwOFE0RGdHNlBwbDNFOVdIWmZ2WU1iMzI5UmE0Z2RhdENld0cwSFdxWW10VGhOZmxiVzVHejBHcWlNNExacgpCNmR5NW1JVVB3blQwM1Y0RzQzaElMdW0yaFVDU2xFRFlxU09RejdwUGlMMmFac1VJQlJwTkd5OWZ5WEk1emdJCm01dHVkbFFodFVDSzBiZm9xTW1CNlI3MzQrWmZudklJOWlEdlg2UkhvdzJMODlYazYrU1h1aHgwSmMyTTZnMFcKWXFBNXZPMkV3Z1RWY2hRQ2R6Q2ljcWVOUHpKbjl0TVN2S0VBZUdKUUk2amdkRExWbXJaVThPczNtaEgyRkpvPQotLS0tLUVORCBDRVJUSUZJQ0FURS0tLS0tCg==",
                "password": "",
                "username": ""
              }
            ],
            "master_authorized_networks_config": [],
            "master_version": "1.19.9-gke.1400",
            "min_master_version": null,
            "monitoring_service": "none",
            "name": "main-zone",
            "network": "projects/koho-deployment-test/global/networks/default",
            "network_policy": [
              {
                "enabled": false,
                "provider": "PROVIDER_UNSPECIFIED"
              }
            ],
            "networking_mode": "VPC_NATIVE",
            "node_config": [
              {
                "disk_size_gb": 40,
                "disk_type": "pd-standard",
                "guest_accelerator": [],
                "image_type": "COS_CONTAINERD",
                "labels": {
                  "test-node": "True"
                },
                "local_ssd_count": 0,
                "machine_type": "e2-micro",
                "metadata": {
                  "disable-legacy-endpoints": "true"
                },
                "min_cpu_platform": "",
                "oauth_scopes": [
                  "https://www.googleapis.com/auth/devstorage.read_only",
                  "https://www.googleapis.com/auth/logging.write",
                  "https://www.googleapis.com/auth/monitoring",
                  "https://www.googleapis.com/auth/service.management.readonly",
                  "https://www.googleapis.com/auth/servicecontrol",
                  "https://www.googleapis.com/auth/trace.append"
                ],
                "preemptible": false,
                "service_account": "default",
                "shielded_instance_config": [
                  {
                    "enable_integrity_monitoring": true,
                    "enable_secure_boot": false
                  }
                ],
                "tags": [],
                "taint": [],
                "workload_metadata_config": []
              }
            ],
            "node_locations": [
              "northamerica-northeast1-b",
              "northamerica-northeast1-c"
            ],
            "node_pool": [
              {
                "autoscaling": [],
                "initial_node_count": 1,
                "instance_group_urls": [
                  "https://www.googleapis.com/compute/v1/projects/koho-deployment-test/zones/northamerica-northeast1-a/instanceGroupManagers/gke-main-zone-default-pool-e6d5ee03-grp",
                  "https://www.googleapis.com/compute/v1/projects/koho-deployment-test/zones/northamerica-northeast1-b/instanceGroupManagers/gke-main-zone-default-pool-720842dd-grp",
                  "https://www.googleapis.com/compute/v1/projects/koho-deployment-test/zones/northamerica-northeast1-c/instanceGroupManagers/gke-main-zone-default-pool-9f915126-grp"
                ],
                "management": [
                  {
                    "auto_repair": false,
                    "auto_upgrade": false
                  }
                ],
                "max_pods_per_node": 110,
                "name": "default-pool",
                "name_prefix": "",
                "node_config": [
                  {
                    "disk_size_gb": 40,
                    "disk_type": "pd-standard",
                    "guest_accelerator": [],
                    "image_type": "COS_CONTAINERD",
                    "labels": {
                      "test-node": "True"
                    },
                    "local_ssd_count": 0,
                    "machine_type": "e2-micro",
                    "metadata": {
                      "disable-legacy-endpoints": "true"
                    },
                    "min_cpu_platform": "",
                    "oauth_scopes": [
                      "https://www.googleapis.com/auth/devstorage.read_only",
                      "https://www.googleapis.com/auth/logging.write",
                      "https://www.googleapis.com/auth/monitoring",
                      "https://www.googleapis.com/auth/service.management.readonly",
                      "https://www.googleapis.com/auth/servicecontrol",
                      "https://www.googleapis.com/auth/trace.append"
                    ],
                    "preemptible": false,
                    "service_account": "default",
                    "shielded_instance_config": [
                      {
                        "enable_integrity_monitoring": true,
                        "enable_secure_boot": false
                      }
                    ],
                    "tags": [],
                    "taint": [],
                    "workload_metadata_config": []
                  }
                ],
                "node_count": 1,
                "node_locations": [
                  "northamerica-northeast1-a",
                  "northamerica-northeast1-b",
                  "northamerica-northeast1-c"
                ],
                "upgrade_settings": [
                  {
                    "max_surge": 1,
                    "max_unavailable": 0
                  }
                ],
                "version": "1.19.9-gke.1400"
              }
            ],
            "node_version": "1.19.9-gke.1400",
            "operation": null,
            "pod_security_policy_config": null,
            "private_cluster_config": [],
            "private_ipv6_google_access": "",
            "project": "koho-deployment-test",
            "release_channel": [
              {
                "channel": "UNSPECIFIED"
              }
            ],
            "remove_default_node_pool": null,
            "resource_labels": {},
            "resource_usage_export_config": [],
            "self_link": "https://container.googleapis.com/v1beta1/projects/koho-deployment-test/zones/northamerica-northeast1-a/clusters/main-zone",
            "services_ipv4_cidr": "10.23.96.0/20",
            "subnetwork": "projects/koho-deployment-test/regions/northamerica-northeast1/subnetworks/default",
            "tpu_ipv4_cidr_block": "",
            "vertical_pod_autoscaling": [],
            "workload_identity_config": []
          },
          "sensitive_attributes": []
        }
      ]
    },
    {
      "mode": "managed",
      "type": "helm_release",
      "name": "mariadb-galera",
      "provider": "provider[\"registry.terraform.io/hashicorp/helm\"]",
      "instances": [
        {
          "schema_version": 0,
          "attributes": {
            "atomic": false,
            "chart": "mariadb-galera",
            "cleanup_on_fail": false,
            "create_namespace": false,
            "dependency_update": false,
            "description": null,
            "devel": null,
            "disable_crd_hooks": false,
            "disable_openapi_validation": false,
            "disable_webhooks": false,
            "force_update": false,
            "id": "mariadb-galera",
            "keyring": null,
            "lint": false,
            "manifest": null,
            "max_history": 0,
            "metadata": [
              {
                "app_version": "10.5.9",
                "chart": "mariadb-galera",
                "name": "mariadb-galera",
                "namespace": "default",
                "revision": 1,
                "values": "{\"persistence\":{\"enabled\":true,\"size\":\"5Gi\"},\"podLabels\":{\"app\":\"mariadb-galera\",\"role\":\"master\",\"tier\":\"frontend\"},\"replicaCount\":3,\"rootUser\":{\"password\":\"4rq5SsGfYx\"}}",
                "version": "5.6.8"
              }
            ],
            "name": "mariadb-galera",
            "namespace": "default",
            "postrender": [],
            "recreate_pods": false,
            "render_subchart_notes": true,
            "replace": false,
            "repository": "https://charts.bitnami.com/bitnami",
            "repository_ca_file": null,
            "repository_cert_file": null,
            "repository_key_file": null,
            "repository_password": null,
            "repository_username": null,
            "reset_values": false,
            "reuse_values": false,
            "set": [
              {
                "name": "rootUser.password",
                "type": "",
                "value": "4rq5SsGfYx"
              }
            ],
            "set_sensitive": [],
            "skip_crds": false,
            "status": "deployed",
            "timeout": 300,
            "values": [
              "podLabels:\n  app: \"mariadb-galera\"\n  role: \"master\"\n  tier: \"frontend\"\n# How many replicas we want to use\nreplicaCount : 3\n# We NEED persistence!\npersistence:\n  enabled : true\n  size : \"5Gi\"\n\n"
            ],
            "verify": false,
            "version": "5.6.8",
            "wait": true,
            "wait_for_jobs": false
          },
          "sensitive_attributes": [
            [
              {
                "type": "get_attr",
                "value": "set"
              }
            ]
          ],
          "private": "bnVsbA=="
        }
      ]
    },
    {
      "mode": "managed",
      "type": "kubernetes_deployment",
      "name": "apache2",
      "provider": "provider[\"registry.terraform.io/hashicorp/kubernetes\"]",
      "instances": [
        {
          "schema_version": 1,
          "attributes": {
            "id": "default/apache2",
            "metadata": [
              {
                "annotations": null,
                "generate_name": "",
                "generation": 1,
                "labels": {
                  "app": "apache2",
                  "role": "master",
                  "tier": "frontend"
                },
                "name": "apache2",
                "namespace": "default",
                "resource_version": "1769",
                "self_link": "",
                "uid": "bac4eae6-16fa-4cde-8ddd-9684cac8940e"
              }
            ],
            "spec": [
              {
                "min_ready_seconds": 0,
                "paused": false,
                "progress_deadline_seconds": 600,
                "replicas": "2",
                "revision_history_limit": 10,
                "selector": [
                  {
                    "match_expressions": [],
                    "match_labels": {
                      "app": "apache2",
                      "role": "master",
                      "tier": "frontend"
                    }
                  }
                ],
                "strategy": [
                  {
                    "rolling_update": [
                      {
                        "max_surge": "1",
                        "max_unavailable": "1"
                      }
                    ],
                    "type": "RollingUpdate"
                  }
                ],
                "template": [
                  {
                    "metadata": [
                      {
                        "annotations": null,
                        "generate_name": "",
                        "generation": 0,
                        "labels": {
                          "app": "apache2",
                          "role": "master",
                          "tier": "frontend"
                        },
                        "name": "",
                        "namespace": "",
                        "resource_version": "",
                        "self_link": "",
                        "uid": ""
                      }
                    ],
                    "spec": [
                      {
                        "active_deadline_seconds": 0,
                        "affinity": [],
                        "automount_service_account_token": true,
                        "container": [
                          {
                            "args": null,
                            "command": null,
                            "env": [],
                            "env_from": [],
                            "image": "httpd:latest",
                            "image_pull_policy": "Always",
                            "lifecycle": [],
                            "liveness_probe": [
                              {
                                "exec": [],
                                "failure_threshold": 3,
                                "http_get": [
                                  {
                                    "host": "",
                                    "http_header": [],
                                    "path": "/",
                                    "port": "80",
                                    "scheme": "HTTP"
                                  }
                                ],
                                "initial_delay_seconds": 2,
                                "period_seconds": 10,
                                "success_threshold": 1,
                                "tcp_socket": [],
                                "timeout_seconds": 1
                              }
                            ],
                            "name": "apache2",
                            "port": [
                              {
                                "container_port": 80,
                                "host_ip": "",
                                "host_port": 0,
                                "name": "",
                                "protocol": "TCP"
                              }
                            ],
                            "readiness_probe": [],
                            "resources": [
                              {
                                "limits": null,
                                "requests": null
                              }
                            ],
                            "security_context": [],
                            "startup_probe": [],
                            "stdin": false,
                            "stdin_once": false,
                            "termination_message_path": "/dev/termination-log",
                            "termination_message_policy": "File",
                            "tty": false,
                            "volume_mount": [],
                            "working_dir": ""
                          }
                        ],
                        "dns_config": [],
                        "dns_policy": "ClusterFirst",
                        "enable_service_links": true,
                        "host_aliases": [],
                        "host_ipc": false,
                        "host_network": false,
                        "host_pid": false,
                        "hostname": "",
                        "image_pull_secrets": [],
                        "init_container": [],
                        "node_name": "",
                        "node_selector": null,
                        "priority_class_name": "",
                        "readiness_gate": [],
                        "restart_policy": "Always",
                        "security_context": [],
                        "service_account_name": "",
                        "share_process_namespace": false,
                        "subdomain": "",
                        "termination_grace_period_seconds": 30,
                        "toleration": [],
                        "topology_spread_constraint": [],
                        "volume": []
                      }
                    ]
                  }
                ]
              }
            ],
            "timeouts": null,
            "wait_for_rollout": true
          },
          "sensitive_attributes": [],
          "private": "eyJlMmJmYjczMC1lY2FhLTExZTYtOGY4OC0zNDM2M2JjN2M0YzAiOnsiY3JlYXRlIjo2MDAwMDAwMDAwMDAsImRlbGV0ZSI6NjAwMDAwMDAwMDAwLCJ1cGRhdGUiOjYwMDAwMDAwMDAwMH0sInNjaGVtYV92ZXJzaW9uIjoiMSJ9",
          "dependencies": [
            "data.google_client_config.provider",
            "data.google_container_cluster.main-zone"
          ]
        }
      ]
    },
    {
      "mode": "managed",
      "type": "kubernetes_deployment",
      "name": "phpmyadmin",
      "provider": "provider[\"registry.terraform.io/hashicorp/kubernetes\"]",
      "instances": [
        {
          "schema_version": 1,
          "attributes": {
            "id": "default/phpmyadmin",
            "metadata": [
              {
                "annotations": null,
                "generate_name": "",
                "generation": 1,
                "labels": {
                  "app": "phpmyadmin",
                  "role": "master",
                  "tier": "frontend"
                },
                "name": "phpmyadmin",
                "namespace": "default",
                "resource_version": "1909",
                "self_link": "",
                "uid": "3d9e3927-b1b6-46c2-aef7-281cf7cd0bc6"
              }
            ],
            "spec": [
              {
                "min_ready_seconds": 0,
                "paused": false,
                "progress_deadline_seconds": 600,
                "replicas": "1",
                "revision_history_limit": 10,
                "selector": [
                  {
                    "match_expressions": [],
                    "match_labels": {
                      "app": "phpmyadmin",
                      "role": "master",
                      "tier": "frontend"
                    }
                  }
                ],
                "strategy": [
                  {
                    "rolling_update": [
                      {
                        "max_surge": "25%",
                        "max_unavailable": "25%"
                      }
                    ],
                    "type": "RollingUpdate"
                  }
                ],
                "template": [
                  {
                    "metadata": [
                      {
                        "annotations": null,
                        "generate_name": "",
                        "generation": 0,
                        "labels": {
                          "app": "phpmyadmin",
                          "role": "master",
                          "tier": "frontend"
                        },
                        "name": "",
                        "namespace": "",
                        "resource_version": "",
                        "self_link": "",
                        "uid": ""
                      }
                    ],
                    "spec": [
                      {
                        "active_deadline_seconds": 0,
                        "affinity": [],
                        "automount_service_account_token": true,
                        "container": [
                          {
                            "args": null,
                            "command": null,
                            "env": [
                              {
                                "name": "PMA_HOST",
                                "value": "mariadb-galera",
                                "value_from": []
                              },
                              {
                                "name": "PMA_PORT",
                                "value": "3306",
                                "value_from": []
                              },
                              {
                                "name": "PMA_ABSOLUTE_URI",
                                "value": "https://kohomyadmin.rescuityonline.com/",
                                "value_from": []
                              },
                              {
                                "name": "MYSQL_ROOT_PASSWORD",
                                "value": "",
                                "value_from": [
                                  {
                                    "config_map_key_ref": [],
                                    "field_ref": [],
                                    "resource_field_ref": [],
                                    "secret_key_ref": [
                                      {
                                        "key": "MYSQL_ROOT_PASSWORD",
                                        "name": "mariadb-phpmyadmin",
                                        "optional": false
                                      }
                                    ]
                                  }
                                ]
                              }
                            ],
                            "env_from": [],
                            "image": "phpmyadmin/phpmyadmin",
                            "image_pull_policy": "Always",
                            "lifecycle": [],
                            "liveness_probe": [
                              {
                                "exec": [],
                                "failure_threshold": 3,
                                "http_get": [
                                  {
                                    "host": "",
                                    "http_header": [],
                                    "path": "/",
                                    "port": "80",
                                    "scheme": "HTTP"
                                  }
                                ],
                                "initial_delay_seconds": 2,
                                "period_seconds": 10,
                                "success_threshold": 1,
                                "tcp_socket": [],
                                "timeout_seconds": 1
                              }
                            ],
                            "name": "phpmyadmin",
                            "port": [
                              {
                                "container_port": 80,
                                "host_ip": "",
                                "host_port": 0,
                                "name": "",
                                "protocol": "TCP"
                              }
                            ],
                            "readiness_probe": [],
                            "resources": [
                              {
                                "limits": null,
                                "requests": null
                              }
                            ],
                            "security_context": [],
                            "startup_probe": [],
                            "stdin": false,
                            "stdin_once": false,
                            "termination_message_path": "/dev/termination-log",
                            "termination_message_policy": "File",
                            "tty": false,
                            "volume_mount": [],
                            "working_dir": ""
                          }
                        ],
                        "dns_config": [],
                        "dns_policy": "ClusterFirst",
                        "enable_service_links": true,
                        "host_aliases": [],
                        "host_ipc": false,
                        "host_network": false,
                        "host_pid": false,
                        "hostname": "",
                        "image_pull_secrets": [],
                        "init_container": [],
                        "node_name": "",
                        "node_selector": null,
                        "priority_class_name": "",
                        "readiness_gate": [],
                        "restart_policy": "Always",
                        "security_context": [],
                        "service_account_name": "",
                        "share_process_namespace": false,
                        "subdomain": "",
                        "termination_grace_period_seconds": 30,
                        "toleration": [],
                        "topology_spread_constraint": [],
                        "volume": []
                      }
                    ]
                  }
                ]
              }
            ],
            "timeouts": null,
            "wait_for_rollout": true
          },
          "sensitive_attributes": [],
          "private": "eyJlMmJmYjczMC1lY2FhLTExZTYtOGY4OC0zNDM2M2JjN2M0YzAiOnsiY3JlYXRlIjo2MDAwMDAwMDAwMDAsImRlbGV0ZSI6NjAwMDAwMDAwMDAwLCJ1cGRhdGUiOjYwMDAwMDAwMDAwMH0sInNjaGVtYV92ZXJzaW9uIjoiMSJ9",
          "dependencies": [
            "data.google_client_config.provider",
            "data.google_container_cluster.main-zone",
            "kubernetes_secret.mariadb-phpmyadmin"
          ]
        }
      ]
    },
    {
      "mode": "managed",
      "type": "kubernetes_ingress",
      "name": "apache2_ingress",
      "provider": "provider[\"registry.terraform.io/hashicorp/kubernetes\"]",
      "instances": [
        {
          "schema_version": 1,
          "attributes": {
            "id": "default/apache2-ingress",
            "metadata": [
              {
                "annotations": {
                  "kubernetes.io/ingress.class": "gce"
                },
                "generate_name": "",
                "generation": 1,
                "labels": null,
                "name": "apache2-ingress",
                "namespace": "default",
                "resource_version": "1829",
                "self_link": "",
                "uid": "5fd66c01-94ab-4eda-9867-0a840ec5154b"
              }
            ],
            "spec": [
              {
                "backend": [],
                "ingress_class_name": "",
                "rule": [
                  {
                    "host": "koho.rescuityonline.com",
                    "http": [
                      {
                        "path": [
                          {
                            "backend": [
                              {
                                "service_name": "apache2",
                                "service_port": "8080"
                              }
                            ],
                            "path": "/*"
                          }
                        ]
                      }
                    ]
                  }
                ],
                "tls": [
                  {
                    "hosts": [
                      "koho.rescuityonline.com"
                    ],
                    "secret_name": "koho-tls"
                  }
                ]
              }
            ],
            "status": [
              {
                "load_balancer": [
                  {
                    "ingress": []
                  }
                ]
              }
            ],
            "wait_for_load_balancer": null
          },
          "sensitive_attributes": [],
          "private": "eyJzY2hlbWFfdmVyc2lvbiI6IjEifQ==",
          "dependencies": [
            "data.google_client_config.provider",
            "data.google_container_cluster.main-zone",
            "kubernetes_deployment.apache2",
            "kubernetes_secret.tls",
            "kubernetes_service.apache2"
          ]
        }
      ]
    },
    {
      "mode": "managed",
      "type": "kubernetes_ingress",
      "name": "myadminingress",
      "provider": "provider[\"registry.terraform.io/hashicorp/kubernetes\"]",
      "instances": [
        {
          "schema_version": 1,
          "attributes": {
            "id": "default/myadmin-ingress",
            "metadata": [
              {
                "annotations": {
                  "kubernetes.io/ingress.class": "gce"
                },
                "generate_name": "",
                "generation": 1,
                "labels": null,
                "name": "myadmin-ingress",
                "namespace": "default",
                "resource_version": "1925",
                "self_link": "",
                "uid": "e9dc082d-678c-483a-b76b-d72eab5be0eb"
              }
            ],
            "spec": [
              {
                "backend": [],
                "ingress_class_name": "",
                "rule": [
                  {
                    "host": "kohomyadmin.rescuityonline.com",
                    "http": [
                      {
                        "path": [
                          {
                            "backend": [
                              {
                                "service_name": "phpmyadmin",
                                "service_port": "8080"
                              }
                            ],
                            "path": "/*"
                          }
                        ]
                      }
                    ]
                  }
                ],
                "tls": [
                  {
                    "hosts": [
                      "kohomyadmin.rescuityonline.com"
                    ],
                    "secret_name": "kohomyadmin-tls"
                  }
                ]
              }
            ],
            "status": [
              {
                "load_balancer": [
                  {
                    "ingress": []
                  }
                ]
              }
            ],
            "wait_for_load_balancer": null
          },
          "sensitive_attributes": [],
          "private": "eyJzY2hlbWFfdmVyc2lvbiI6IjEifQ==",
          "dependencies": [
            "data.google_client_config.provider",
            "data.google_container_cluster.main-zone",
            "kubernetes_deployment.phpmyadmin",
            "kubernetes_secret.mariadb-phpmyadmin",
            "kubernetes_secret.myadmin_tls",
            "kubernetes_service.phpmyadmin"
          ]
        }
      ]
    },
    {
      "mode": "managed",
      "type": "kubernetes_secret",
      "name": "mariadb-phpmyadmin",
      "provider": "provider[\"registry.terraform.io/hashicorp/kubernetes\"]",
      "instances": [
        {
          "schema_version": 0,
          "attributes": {
            "binary_data": null,
            "data": {
              "MYSQL_ROOT_PASSWORD": "4rq5SsGfYx"
            },
            "id": "default/mariadb-phpmyadmin",
            "metadata": [
              {
                "annotations": null,
                "generate_name": "",
                "generation": 0,
                "labels": null,
                "name": "mariadb-phpmyadmin",
                "namespace": "default",
                "resource_version": "1633",
                "self_link": "",
                "uid": "0d814ff9-d133-48e7-9b01-f69a578ba0bf"
              }
            ],
            "type": "kubernetes.io/opaque"
          },
          "sensitive_attributes": [
            [
              {
                "type": "get_attr",
                "value": "data"
              },
              {
                "type": "index",
                "value": {
                  "value": "MYSQL_ROOT_PASSWORD",
                  "type": "string"
                }
              }
            ]
          ],
          "private": "bnVsbA==",
          "dependencies": [
            "data.google_client_config.provider",
            "data.google_container_cluster.main-zone"
          ]
        }
      ]
    },
    {
      "mode": "managed",
      "type": "kubernetes_secret",
      "name": "myadmin_tls",
      "provider": "provider[\"registry.terraform.io/hashicorp/kubernetes\"]",
      "instances": [
        {
          "schema_version": 0,
          "attributes": {
            "binary_data": null,
            "data": {
              "tls.crt": "-----BEGIN CERTIFICATE-----\nMIIDWTCCAkGgAwIBAgIUI09JQ7k/zqD9kTF2vjNtmvFFh+0wDQYJKoZIhvcNAQEL\nBQAwPDEnMCUGA1UEAwwea29ob215YWRtaW4ucmVzY3VpdHlvbmxpbmUuY29tMREw\nDwYDVQQKDAhrb2hvLXRsczAeFw0yMTA0MzAyMzE1MTNaFw0yMjA0MzAyMzE1MTNa\nMDwxJzAlBgNVBAMMHmtvaG9teWFkbWluLnJlc2N1aXR5b25saW5lLmNvbTERMA8G\nA1UECgwIa29oby10bHMwggEiMA0GCSqGSIb3DQEBAQUAA4IBDwAwggEKAoIBAQCk\n71j0k7HPcbzEJ5ipOrQLRpKcTheS5GAd8PNHgwlramqp96Edc7oFRuWx0uJGZ7Gn\n0ptfZ/GkZlSjaJlg1StZHZYfcnRR3WPopd/kkhW+f8bIEMR8sPWcLIGE8J+YRJ/v\ngvMU4xIBvjP64D7lOA+7fD1OE7oB9/wP1J1YT1atO3NXIjMrdKYIRhfy7NvvB/7w\nB9z/HZ0SCzlH086GljNgzuBJNeQRBmQSYkiTYwWxHNPvwt1g2VFQysYeck+trCYc\nPK+XOqm1yQRD9lVGgcSgF4RO9h6+CmyChxRHg+N9cGf8n0pJmp9GguKwj20HgfMb\nIakYV0BfVzsLv0DdpNYzAgMBAAGjUzBRMB0GA1UdDgQWBBQ6xGG6HK9mKjMxdIEQ\nAb1kxOdoGjAfBgNVHSMEGDAWgBQ6xGG6HK9mKjMxdIEQAb1kxOdoGjAPBgNVHRMB\nAf8EBTADAQH/MA0GCSqGSIb3DQEBCwUAA4IBAQB4XgciSfFkW38EWbB15Ky0ZPhF\n07gK43f2ueNryVxaNvV682vq4Rilg2kZSSbKmNbCZ1zdwkmT9spHwR6mAUqcSJ0L\nRWHzI470s2V618sfB796j3F8SVUQIIrtgFg0Ckj+Jk89mkWZqDPkXp2eMdLd5gcX\nCsVFPr59eCrIOEjks43BV5zhF4r56lJQsgXpcMKl/CYQ3MCKDeoYtfv6y4wUAe1y\nthZJGzLmfWH5H9hAebhJqhbm5c4JNfv961ilPB9+p3BAx4NTodCD6mnt4cQxNiMS\ndqc0h4Y3jB3sk5HDPnZ2hJRziAOSk1YWkOwJSio/+x2TLNqZ5iNxBuzoQnqc\n-----END CERTIFICATE-----\n",
              "tls.key": "-----BEGIN PRIVATE KEY-----\nMIIEvAIBADANBgkqhkiG9w0BAQEFAASCBKYwggSiAgEAAoIBAQCk71j0k7HPcbzE\nJ5ipOrQLRpKcTheS5GAd8PNHgwlramqp96Edc7oFRuWx0uJGZ7Gn0ptfZ/GkZlSj\naJlg1StZHZYfcnRR3WPopd/kkhW+f8bIEMR8sPWcLIGE8J+YRJ/vgvMU4xIBvjP6\n4D7lOA+7fD1OE7oB9/wP1J1YT1atO3NXIjMrdKYIRhfy7NvvB/7wB9z/HZ0SCzlH\n086GljNgzuBJNeQRBmQSYkiTYwWxHNPvwt1g2VFQysYeck+trCYcPK+XOqm1yQRD\n9lVGgcSgF4RO9h6+CmyChxRHg+N9cGf8n0pJmp9GguKwj20HgfMbIakYV0BfVzsL\nv0DdpNYzAgMBAAECggEAFRmJh8BdPuyN+YoXPY8E+WxN1TEoUuJkaXAprzxUOCmk\n+5lyQxJK+eHYAKe5ysf5Mj7/IXVqtF1i9oSrGngq03u1eNBrkQ2BeoG94r/NiFFQ\nXMfIWytIQHJxH1CpGhGtZDacYk+qPg7XF4EYirphSNrb/OEJKrdOx7eraWC89eww\na4Oh2PsnVVqQM4G7VpPOl4+FsEbmp52gUfG7u9Vy2ndf8RZ3uiwowEVR640A0ndr\nkbMm7fuXXPiWPX6DC6BG6TimPlw65gPovhrRil2cSazvbMOCR5/rbauG7cIqScYd\nt4tzZcZY/wFusBH25TGY6ZgClIzzouh77cKekMDkAQKBgQDZubh2S+lLuAkTR5KS\nun+6rA3N+sWarFuCeTWnmZmBG8h1rFbp7zJCad2Ntzgi/b/khs1l7EbMlCHu57OQ\nAPmgXab3fdb16W+EuIrRyHWihFH54kH3BOaEEVwWvpTb05B4J4pDjJ/4XtNHjHrl\nI2yA3Pl4WVQp5WqEO65aoVb4uQKBgQDB7eZmA8ngpipIov0CHJ6VBIXeKwsYbV9Z\ngdpQhtgYYQxzJfUuYyz1Tyw8TJEaaVch8NCP2SL3SN/y4CBxMnVgUx4KczUB5cpk\nH9SQCU9ZlKZ79eWHI5OxTz7hZ29F1VfkLbfeJrJiWDj1eguGNOx3Rm8lnVEBeRDm\n/Q6RnQ24SwKBgADMHVDRllkgo2feqzq+VBlq5+IJORAH8Y3Yw8mJVnaSk3la2Daj\nGZwEpzsNoLcAFuPPWpE0/E1jfXxSfOXaGw/rR+FAJLlh0Xa69kcuZL/jnCk+Gt+8\ntNtm9N9gc0sayzylaGw2558ROdTZPtn39z3BkWhPa29715gEX+8VCCyBAoGAWmWf\nsUvwzYQHT8aR82sNzN7H2/Dqgh9xg9KQxlqk3nBWklJOQKpAKbUXJKB4Pvx9fje3\nsGYB840HvzoURU/FAPqdlTdwrQrFVfi0Z9O/Jj2xgTT1IhJGZS9QW1eQudeh2Z4q\nCCa3njoLivmx54RB+bNeWgVD3lDlvRaWtO+llpMCgYBZRXizU6i8w0wJpCXX+7on\nxtDPNGnIpWMXQ6Ea6rGgH6NO9YahF1fzoeU5xvIBJazZEamQnaxeRCA+N8th+EbF\nk0wFUQEyuyf8UmQd/0YMlVlDjwVA97OwNWpVh8Z8xvTuWsxo3cNwNZkr6kriqAT/\nNv4p0Kg3S9as4WULtYwPUg==\n-----END PRIVATE KEY-----\n"
            },
            "id": "default/kohomyadmin-tls",
            "metadata": [
              {
                "annotations": null,
                "generate_name": "",
                "generation": 0,
                "labels": null,
                "name": "kohomyadmin-tls",
                "namespace": "default",
                "resource_version": "1636",
                "self_link": "",
                "uid": "3df51a52-1286-4e25-9926-57ff21fb3971"
              }
            ],
            "type": "kubernetes.io/tls"
          },
          "sensitive_attributes": [],
          "private": "bnVsbA==",
          "dependencies": [
            "data.google_client_config.provider",
            "data.google_container_cluster.main-zone"
          ]
        }
      ]
    },
    {
      "mode": "managed",
      "type": "kubernetes_secret",
      "name": "tls",
      "provider": "provider[\"registry.terraform.io/hashicorp/kubernetes\"]",
      "instances": [
        {
          "schema_version": 0,
          "attributes": {
            "binary_data": null,
            "data": {
              "tls.crt": "-----BEGIN CERTIFICATE-----\nMIIDSzCCAjOgAwIBAgIUEIzRtDnI0bvCDgXTYR/IOdQywe4wDQYJKoZIhvcNAQEL\nBQAwNTEgMB4GA1UEAwwXa29oby5yZXNjdWl0eW9ubGluZS5jb20xETAPBgNVBAoM\nCGtvaG8tdGxzMB4XDTIxMDQzMDIzMTUzOFoXDTIyMDQzMDIzMTUzOFowNTEgMB4G\nA1UEAwwXa29oby5yZXNjdWl0eW9ubGluZS5jb20xETAPBgNVBAoMCGtvaG8tdGxz\nMIIBIjANBgkqhkiG9w0BAQEFAAOCAQ8AMIIBCgKCAQEA6j/z0SXleyMt8O6z/8tP\nsj5+QvLNHb8bN03jdNRH4wh12CKaGjKlyK69j5C4kikWehXZLS8rVwTry1whFJVx\nfmv9ngIavHWPzeZ8n4RhWS0d+s3VLslQd3719aoC3LV1RluRnhsQ8JuN4VP2OOOJ\nxzg6/MAdwcKBVl7gsiVfsbS/JxpR00KJPBEVqFC7R6kzVRtfr5JlLeWPXdaPosKw\nzIPRO5XrFW/ZsL9e8abGCgtFem7MByQTPFJUOioPnCjd41jGgsMu3xdpyTBZCtbb\nyUb9Szs9GoLF4/L95Makqlz9LAY7tP/11d6yPmDM1VpvVb52yXuGxPdoPqswCZsU\nRQIDAQABo1MwUTAdBgNVHQ4EFgQUdSJCjV2+vE9Jv+/Yshpdb+tk2gkwHwYDVR0j\nBBgwFoAUdSJCjV2+vE9Jv+/Yshpdb+tk2gkwDwYDVR0TAQH/BAUwAwEB/zANBgkq\nhkiG9w0BAQsFAAOCAQEAafDPZZNaey1Grkr7OPgS/1z9MreVYhnm7xnpI5XXhuQR\nUNWGAwaNlZnGJHcLhMWCbYK53p2M0MIio/8rH/U5B/6H4e8ZeLu4sz7MYnn/mLFK\nRafMifgVl1fMpPkwq6AwpQkC7H9tj1irRP6wqhO7bkjpKWLRlv41mf7zyoNydKx2\nsEA9FWsMIaWmi/4P0tMBPX+s26jYkUhflnkwKvEpfZNSmN6hTPj388FB0PmNOzER\nlSE5iFDu11cO9aSWjxubo4NqsdgNVPjD1NsdJdTqLrYI2rg6lDmcTBFztdzMKrw+\nDwbpmhs94Nrs4G3g2mYJgmsxvOiM39T0+kGmBZ//xA==\n-----END CERTIFICATE-----\n",
              "tls.key": "-----BEGIN PRIVATE KEY-----\nMIIEvQIBADANBgkqhkiG9w0BAQEFAASCBKcwggSjAgEAAoIBAQDqP/PRJeV7Iy3w\n7rP/y0+yPn5C8s0dvxs3TeN01EfjCHXYIpoaMqXIrr2PkLiSKRZ6FdktLytXBOvL\nXCEUlXF+a/2eAhq8dY/N5nyfhGFZLR36zdUuyVB3fvX1qgLctXVGW5GeGxDwm43h\nU/Y444nHODr8wB3BwoFWXuCyJV+xtL8nGlHTQok8ERWoULtHqTNVG1+vkmUt5Y9d\n1o+iwrDMg9E7lesVb9mwv17xpsYKC0V6bswHJBM8UlQ6Kg+cKN3jWMaCwy7fF2nJ\nMFkK1tvJRv1LOz0agsXj8v3kxqSqXP0sBju0//XV3rI+YMzVWm9VvnbJe4bE92g+\nqzAJmxRFAgMBAAECggEAMjRurx6uJkwN5ptiXKpYdF1MdlDPgVaaIKpC26E7nv8L\nMr2HxaGhQnehDQn5ZOoFdTkFiNeZNFdLqhQeyuiUoIHIo3rT/Bw+K+UARLf8nT48\nNKq0zAg9hL7jPDmpz1/cuK2bcgVfBhJwwCBcnyi1OMtmaRFLz2E+kyJWihfUgKNR\ncFagTTCw0LwuG+TPdJm5vfvF9nbmBmCDFnRowODwEfWpBTV2IfpKgUxwrAhvKIlT\nqb4D0j1Gi0EacyKha7ZkdhgzXFQ8kCm8WlHYmW9ICGSKZB5bxedcBZYTGybIMTaX\nvei4H30+xxiRB+9Ya+sWeQ+tTJOV0lsnTf7TazPDqQKBgQD5QkSE6+4dCkGhM58K\ntmaG3jymdFPFR0QVjzuANy2lWbybVagMxPz0kf15TPx7Y4ydFT+Gomwot5j3hxGP\ngIu2zRVEu55A4XzUUJ6TG+DwUYjx4XzLNGuBE2ZCIuNHtmAq9w3hnYJZMnzMk8zf\nGKBbiIsUsUEeLqKpCza6YBAWZwKBgQDwlcU0B1pKj2ZsG2hAYUS+xLQA0XI7Mrtn\nFviuuhrOFXeCZPRVFX+uRJO2nKmBIL6pzCFIFhJ7828m5IEkm6Kwrt/uUkBJ4MPf\ny35KjsRRnHmloMWzZcv/W2RxFP/9VyiCXl7tIkq4cdHyfPhPXkDLqThe2IfvGEzF\nKHsIFoxccwKBgEgSt0lQBwvymUOJb6VjVIYO4K6o2Egk8TTis6vBSLuVFQo9XFhE\n5Xe6dvaKIj9za4dIS5QchvXHEL4SGivKWZvD9TBop7vO949UuGWFHCehC94U+0au\no58xAtKA0AM+YtRJl4PzTWuJQ7jLy+N+dW/CLaUQE+osRfBnQ63kdQJlAoGBAK/v\ndrUjo13fHDF2oXhjKViwlEn84KJ16SHsZJOyOSP4AttyZFNMU4DnWXYzfqmVfpjB\nVJ1Yts+6J9CzTdWtkv3OBKhNsgHUwqkIMSTo3pwn57W9qpYUnWfyN7OSfdmQQWmF\nBbo4V5gmdDf2N8gizxOgfj6t7kpk5M9RWReDFcYNAoGAL/cwT0m47EwEN8S/zZ7E\n86iPFjb0q4yG1yZFNiifI2SsurL4ITwCfteHFmHAMFTktXxYXEcIiJNXcF+OM80p\njKF8QKDOBLUAFmrhybGlUA1SzrF6JhVpBqyhMwBkdXx5kNOHJNSBhng5c5bx/E3K\nXnDcLBNURMl1eXfIsSA4SEU=\n-----END PRIVATE KEY-----\n"
            },
            "id": "default/koho-tls",
            "metadata": [
              {
                "annotations": null,
                "generate_name": "",
                "generation": 0,
                "labels": null,
                "name": "koho-tls",
                "namespace": "default",
                "resource_version": "1632",
                "self_link": "",
                "uid": "7571a484-cda8-45bd-9e73-faeeaff2d7f1"
              }
            ],
            "type": "kubernetes.io/tls"
          },
          "sensitive_attributes": [],
          "private": "bnVsbA==",
          "dependencies": [
            "data.google_client_config.provider",
            "data.google_container_cluster.main-zone"
          ]
        }
      ]
    },
    {
      "mode": "managed",
      "type": "kubernetes_service",
      "name": "apache2",
      "provider": "provider[\"registry.terraform.io/hashicorp/kubernetes\"]",
      "instances": [
        {
          "schema_version": 1,
          "attributes": {
            "id": "default/apache2",
            "metadata": [
              {
                "annotations": {
                  "cloud.google.com/neg": "{\"ingress\":true}"
                },
                "generate_name": "",
                "generation": 0,
                "labels": null,
                "name": "apache2",
                "namespace": "default",
                "resource_version": "1826",
                "self_link": "",
                "uid": "3658653a-a235-4ccd-a875-51ff88c50f5b"
              }
            ],
            "spec": [
              {
                "cluster_ip": "10.23.103.224",
                "external_ips": null,
                "external_name": "",
                "external_traffic_policy": "Cluster",
                "health_check_node_port": 0,
                "load_balancer_ip": "",
                "load_balancer_source_ranges": null,
                "port": [
                  {
                    "name": "apache2",
                    "node_port": 32420,
                    "port": 8080,
                    "protocol": "TCP",
                    "target_port": "80"
                  }
                ],
                "publish_not_ready_addresses": false,
                "selector": {
                  "app": "apache2"
                },
                "session_affinity": "ClientIP",
                "type": "NodePort"
              }
            ],
            "status": [
              {
                "load_balancer": [
                  {
                    "ingress": []
                  }
                ]
              }
            ],
            "timeouts": null,
            "wait_for_load_balancer": true
          },
          "sensitive_attributes": [],
          "private": "eyJlMmJmYjczMC1lY2FhLTExZTYtOGY4OC0zNDM2M2JjN2M0YzAiOnsiY3JlYXRlIjo2MDAwMDAwMDAwMDB9LCJzY2hlbWFfdmVyc2lvbiI6IjEifQ==",
          "dependencies": [
            "data.google_client_config.provider",
            "data.google_container_cluster.main-zone",
            "kubernetes_deployment.apache2"
          ]
        }
      ]
    },
    {
      "mode": "managed",
      "type": "kubernetes_service",
      "name": "phpmyadmin",
      "provider": "provider[\"registry.terraform.io/hashicorp/kubernetes\"]",
      "instances": [
        {
          "schema_version": 1,
          "attributes": {
            "id": "default/phpmyadmin",
            "metadata": [
              {
                "annotations": {
                  "cloud.google.com/neg": "{\"ingress\":true}"
                },
                "generate_name": "",
                "generation": 0,
                "labels": null,
                "name": "phpmyadmin",
                "namespace": "default",
                "resource_version": "1916",
                "self_link": "",
                "uid": "eea33990-bea0-4674-b063-e6648b69a672"
              }
            ],
            "spec": [
              {
                "cluster_ip": "10.23.110.211",
                "external_ips": null,
                "external_name": "",
                "external_traffic_policy": "Cluster",
                "health_check_node_port": 0,
                "load_balancer_ip": "",
                "load_balancer_source_ranges": null,
                "port": [
                  {
                    "name": "phpmyadmin",
                    "node_port": 31085,
                    "port": 8080,
                    "protocol": "TCP",
                    "target_port": "80"
                  }
                ],
                "publish_not_ready_addresses": false,
                "selector": {
                  "app": "phpmyadmin"
                },
                "session_affinity": "None",
                "type": "NodePort"
              }
            ],
            "status": [
              {
                "load_balancer": [
                  {
                    "ingress": []
                  }
                ]
              }
            ],
            "timeouts": null,
            "wait_for_load_balancer": true
          },
          "sensitive_attributes": [],
          "private": "eyJlMmJmYjczMC1lY2FhLTExZTYtOGY4OC0zNDM2M2JjN2M0YzAiOnsiY3JlYXRlIjo2MDAwMDAwMDAwMDB9LCJzY2hlbWFfdmVyc2lvbiI6IjEifQ==",
          "dependencies": [
            "data.google_client_config.provider",
            "data.google_container_cluster.main-zone",
            "kubernetes_deployment.phpmyadmin",
            "kubernetes_secret.mariadb-phpmyadmin"
          ]
        }
      ]
    }
  ]
}
