{
  "version": 4,
  "terraform_version": "0.15.0",
  "serial": 16,
  "lineage": "19539594-cc26-b1c8-bf76-55508cb0c2a9",
  "outputs": {},
  "resources": [
    {
      "mode": "data",
      "type": "google_client_config",
      "name": "provider",
      "provider": "provider[\"registry.terraform.io/hashicorp/google\"]",
      "instances": [
        {
          "schema_version": 0,
          "attributes": {
            "access_token": "ya29.c.KqgB_QfMpLh3WA0JY54XAYHFXP5jbXF_XT3aM6o265-n4NetYvMiqGl7yB9blwG5JzuxXcARTBJDjfh_da5TKM_UF2ER_VoB1djbZagrcLZWYuchOVR2rFO9bv3wmo5VBvXjnuH5zoL2q1ONOIrRjF2Ts-QZIRLmRVm-2uQ4du-QiRo_4TNsksF_sszEekrmy18NmEA6TEJKP8HWebEVK3F1xk9SWtBlv6Ha",
            "id": "projects/koho-deployment-test/regions/northamerica-northeast1/zones/",
            "project": "koho-deployment-test",
            "region": "northamerica-northeast1",
            "zone": ""
          },
          "sensitive_attributes": []
        }
      ]
    },
    {
      "mode": "data",
      "type": "google_container_cluster",
      "name": "main-cluster-zone-a",
      "provider": "provider[\"registry.terraform.io/hashicorp/google\"]",
      "instances": [
        {
          "schema_version": 0,
          "attributes": {
            "addons_config": [
              {
                "cloudrun_config": [],
                "horizontal_pod_autoscaling": [
                  {
                    "disabled": false
                  }
                ],
                "http_load_balancing": [
                  {
                    "disabled": false
                  }
                ],
                "network_policy_config": [
                  {
                    "disabled": true
                  }
                ]
              }
            ],
            "authenticator_groups_config": [],
            "cluster_autoscaling": [
              {
                "auto_provisioning_defaults": [],
                "enabled": false,
                "resource_limits": []
              }
            ],
            "cluster_ipv4_cidr": "10.96.0.0/19",
            "database_encryption": [
              {
                "key_name": "",
                "state": "DECRYPTED"
              }
            ],
            "datapath_provider": "",
            "default_max_pods_per_node": 110,
            "default_snat_status": [],
            "description": "",
            "enable_autopilot": null,
            "enable_binary_authorization": false,
            "enable_intranode_visibility": false,
            "enable_kubernetes_alpha": false,
            "enable_legacy_abac": false,
            "enable_shielded_nodes": true,
            "enable_tpu": false,
            "endpoint": "35.203.58.110",
            "id": "projects/koho-deployment-test/locations/northamerica-northeast1-b/clusters/main-cluster-zone-a",
            "initial_node_count": 0,
            "instance_group_urls": [
              "https://www.googleapis.com/compute/v1/projects/koho-deployment-test/zones/northamerica-northeast1-b/instanceGroups/gke-main-cluster-zone-a-default-pool-5d9f193a-grp"
            ],
            "ip_allocation_policy": [
              {
                "cluster_ipv4_cidr_block": "10.96.0.0/19",
                "cluster_secondary_range_name": "gke-main-cluster-zone-a-pods-60cd3da7",
                "services_ipv4_cidr_block": "10.36.0.0/20",
                "services_secondary_range_name": "gke-main-cluster-zone-a-services-60cd3da7"
              }
            ],
            "label_fingerprint": "a9dc16a7",
            "location": "northamerica-northeast1-b",
            "logging_service": "none",
            "maintenance_policy": [],
            "master_auth": [
              {
                "client_certificate": "",
                "client_certificate_config": [
                  {
                    "issue_client_certificate": false
                  }
                ],
                "client_key": "",
                "cluster_ca_certificate": "LS0tLS1CRUdJTiBDRVJUSUZJQ0FURS0tLS0tCk1JSURLekNDQWhPZ0F3SUJBZ0lSQU1DQ2I0MFFuU3RVbEpoZklOVjJabWN3RFFZSktvWklodmNOQVFFTEJRQXcKTHpFdE1Dc0dBMVVFQXhNa016Vm1PV1F4Wm1JdFpXSm1NeTAwWkRFMUxXRTVaRGd0TnpoallUWXdNR0U1TTJWagpNQjRYRFRJeE1EUXlPVEU0TXpjeU1Wb1hEVEkyTURReU9ERTVNemN5TVZvd0x6RXRNQ3NHQTFVRUF4TWtNelZtCk9XUXhabUl0WldKbU15MDBaREUxTFdFNVpEZ3ROemhqWVRZd01HRTVNMlZqTUlJQklqQU5CZ2txaGtpRzl3MEIKQVFFRkFBT0NBUThBTUlJQkNnS0NBUUVBa014YmpvOFFERXo3RHoxRzgxWXpJdFBiUndaZms0dzE3emdRdUFOaQpFcEQwQVdxRW5QYjJBLzB5N0F0QmFybnJyb3pERDBsSEhWSy8vOEVFVVU1QUIxYkZ5S3RkVzM4MmRpMnN4U2hVCjZid1hsOHJTYUwyc1NlS1M0TzFSdE5jOFFoVE9Ja2JaTlNYbDdXNDRZTGxwUUI0N3hmMlZJUENTUXI5clE0MXkKSCs1Vm92VE80b0hmc2FoN3hoV1N3T3VVZEZrdG5icTI1Z0JBaTRXZkpkR2t6bS9sdmdMK1pHSU5CSHNIbHpvWgpHMlh6N3N1ckdFVFJDSWhwbU14T1lsYXY0REIxN2hEdjNaS1R0RzN2RTZxZm1tbXZxZGo4Sk1lbHB2ZTRyemV4Ck5oRWdqaEhZbkcvMUhkNEtwVUZnVmFvMzhUVFFtdm8wNHFQaXpuT0s4dFJySlFJREFRQUJvMEl3UURBT0JnTlYKSFE4QkFmOEVCQU1DQWdRd0R3WURWUjBUQVFIL0JBVXdBd0VCL3pBZEJnTlZIUTRFRmdRVXplMnNtdWx0ZU1Xcwp4U0QrUkJMMGNjNW81aTh3RFFZSktvWklodmNOQVFFTEJRQURnZ0VCQUI4L1RKUmRUNXAwSHg3a0lmRndkL3o2CnpTODRzQm1oZ3FGTGNTaUp2YlpIdVRIRmNla29wSWdIdUwxTU9LTWx5MllqTjlvSEdrSExsZHZ5Qm1DL3J2bUMKV3E5d0JUdUZsV0RhQit1ZjQycFJwRmRHczNISy9IUENXQ3J6TTVMRXBRemFtL0hGM3ZUcWlvRkFoSlhzWVRVeApwVktYamxTSWViNXNtUGlqWk1uT2t2S3hPOUNEaTJhZXdOOFJVWmF5d3QzWHlhK016OGc3MmxHUVJtVC94WmYrCjlCK2twdDJWaXowSGZSa3FYRnlMbVcvbGNPL2lUMnU0cG00SVR2M2FKWjRjcis5MERjMlgxUWZ1NHd4Rm5SVW0KQjRrUkhvUzgyUllHeENYbEVNNVpwTzBUWVhac1B1ZWxzNVQrZGQ5SXhVaTlVbTkxYktrbC90REJ6YWdyeUdZPQotLS0tLUVORCBDRVJUSUZJQ0FURS0tLS0tCg==",
                "password": "",
                "username": ""
              }
            ],
            "master_authorized_networks_config": [],
            "master_version": "1.19.9-gke.1400",
            "min_master_version": null,
            "monitoring_service": "none",
            "name": "main-cluster-zone-a",
            "network": "projects/koho-deployment-test/global/networks/default",
            "network_policy": [
              {
                "enabled": false,
                "provider": "PROVIDER_UNSPECIFIED"
              }
            ],
            "networking_mode": "VPC_NATIVE",
            "node_config": [
              {
                "disk_size_gb": 40,
                "disk_type": "pd-standard",
                "guest_accelerator": [],
                "image_type": "COS_CONTAINERD",
                "labels": {
                  "test-node": "True"
                },
                "local_ssd_count": 0,
                "machine_type": "e2-micro",
                "metadata": {
                  "disable-legacy-endpoints": "true"
                },
                "min_cpu_platform": "",
                "oauth_scopes": [
                  "https://www.googleapis.com/auth/devstorage.read_only",
                  "https://www.googleapis.com/auth/logging.write",
                  "https://www.googleapis.com/auth/monitoring",
                  "https://www.googleapis.com/auth/service.management.readonly",
                  "https://www.googleapis.com/auth/servicecontrol",
                  "https://www.googleapis.com/auth/trace.append"
                ],
                "preemptible": false,
                "service_account": "default",
                "shielded_instance_config": [
                  {
                    "enable_integrity_monitoring": true,
                    "enable_secure_boot": false
                  }
                ],
                "tags": [],
                "taint": [],
                "workload_metadata_config": []
              }
            ],
            "node_locations": [],
            "node_pool": [
              {
                "autoscaling": [],
                "initial_node_count": 3,
                "instance_group_urls": [
                  "https://www.googleapis.com/compute/v1/projects/koho-deployment-test/zones/northamerica-northeast1-b/instanceGroupManagers/gke-main-cluster-zone-a-default-pool-5d9f193a-grp"
                ],
                "management": [
                  {
                    "auto_repair": false,
                    "auto_upgrade": false
                  }
                ],
                "max_pods_per_node": 110,
                "name": "default-pool",
                "name_prefix": "",
                "node_config": [
                  {
                    "disk_size_gb": 40,
                    "disk_type": "pd-standard",
                    "guest_accelerator": [],
                    "image_type": "COS_CONTAINERD",
                    "labels": {
                      "test-node": "True"
                    },
                    "local_ssd_count": 0,
                    "machine_type": "e2-micro",
                    "metadata": {
                      "disable-legacy-endpoints": "true"
                    },
                    "min_cpu_platform": "",
                    "oauth_scopes": [
                      "https://www.googleapis.com/auth/devstorage.read_only",
                      "https://www.googleapis.com/auth/logging.write",
                      "https://www.googleapis.com/auth/monitoring",
                      "https://www.googleapis.com/auth/service.management.readonly",
                      "https://www.googleapis.com/auth/servicecontrol",
                      "https://www.googleapis.com/auth/trace.append"
                    ],
                    "preemptible": false,
                    "service_account": "default",
                    "shielded_instance_config": [
                      {
                        "enable_integrity_monitoring": true,
                        "enable_secure_boot": false
                      }
                    ],
                    "tags": [],
                    "taint": [],
                    "workload_metadata_config": []
                  }
                ],
                "node_count": 3,
                "node_locations": [
                  "northamerica-northeast1-b"
                ],
                "upgrade_settings": [
                  {
                    "max_surge": 1,
                    "max_unavailable": 0
                  }
                ],
                "version": "1.19.9-gke.1400"
              }
            ],
            "node_version": "1.19.9-gke.1400",
            "operation": null,
            "pod_security_policy_config": null,
            "private_cluster_config": [],
            "private_ipv6_google_access": "",
            "project": "koho-deployment-test",
            "release_channel": [
              {
                "channel": "UNSPECIFIED"
              }
            ],
            "remove_default_node_pool": null,
            "resource_labels": {},
            "resource_usage_export_config": [],
            "self_link": "https://container.googleapis.com/v1beta1/projects/koho-deployment-test/zones/northamerica-northeast1-b/clusters/main-cluster-zone-a",
            "services_ipv4_cidr": "10.36.0.0/20",
            "subnetwork": "projects/koho-deployment-test/regions/northamerica-northeast1/subnetworks/default",
            "tpu_ipv4_cidr_block": "",
            "vertical_pod_autoscaling": [],
            "workload_identity_config": []
          },
          "sensitive_attributes": []
        }
      ]
    },
    {
      "mode": "managed",
      "type": "kubernetes_deployment",
      "name": "apache2_koho",
      "provider": "provider[\"registry.terraform.io/hashicorp/kubernetes\"]",
      "instances": [
        {
          "schema_version": 1,
          "attributes": {
            "id": "default/apache2-koho",
            "metadata": [
              {
                "annotations": {},
                "generate_name": "",
                "generation": 1,
                "labels": {
                  "app": "apache2-koho",
                  "role": "master",
                  "tier": "frontend"
                },
                "name": "apache2-koho",
                "namespace": "default",
                "resource_version": "89416",
                "self_link": "",
                "uid": "2b677a45-0966-4eb6-9fc4-3eb2b5be237e"
              }
            ],
            "spec": [
              {
                "min_ready_seconds": 0,
                "paused": false,
                "progress_deadline_seconds": 600,
                "replicas": "2",
                "revision_history_limit": 10,
                "selector": [
                  {
                    "match_expressions": [],
                    "match_labels": {
                      "app": "apache2-koho",
                      "role": "master",
                      "tier": "frontend"
                    }
                  }
                ],
                "strategy": [
                  {
                    "rolling_update": [
                      {
                        "max_surge": "1",
                        "max_unavailable": "1"
                      }
                    ],
                    "type": "RollingUpdate"
                  }
                ],
                "template": [
                  {
                    "metadata": [
                      {
                        "annotations": {},
                        "generate_name": "",
                        "generation": 0,
                        "labels": {
                          "app": "apache2-koho",
                          "role": "master",
                          "tier": "frontend"
                        },
                        "name": "",
                        "namespace": "",
                        "resource_version": "",
                        "self_link": "",
                        "uid": ""
                      }
                    ],
                    "spec": [
                      {
                        "active_deadline_seconds": 0,
                        "affinity": [],
                        "automount_service_account_token": true,
                        "container": [
                          {
                            "args": [],
                            "command": [],
                            "env": [],
                            "env_from": [],
                            "image": "httpd:latest",
                            "image_pull_policy": "Always",
                            "lifecycle": [],
                            "liveness_probe": [
                              {
                                "exec": [],
                                "failure_threshold": 3,
                                "http_get": [
                                  {
                                    "host": "",
                                    "http_header": [],
                                    "path": "/",
                                    "port": "80",
                                    "scheme": "HTTP"
                                  }
                                ],
                                "initial_delay_seconds": 2,
                                "period_seconds": 10,
                                "success_threshold": 1,
                                "tcp_socket": [],
                                "timeout_seconds": 1
                              }
                            ],
                            "name": "apache2",
                            "port": [
                              {
                                "container_port": 80,
                                "host_ip": "",
                                "host_port": 0,
                                "name": "",
                                "protocol": "TCP"
                              }
                            ],
                            "readiness_probe": [],
                            "resources": [
                              {
                                "limits": null,
                                "requests": null
                              }
                            ],
                            "security_context": [],
                            "startup_probe": [],
                            "stdin": false,
                            "stdin_once": false,
                            "termination_message_path": "/dev/termination-log",
                            "termination_message_policy": "File",
                            "tty": false,
                            "volume_mount": [],
                            "working_dir": ""
                          }
                        ],
                        "dns_config": [],
                        "dns_policy": "ClusterFirst",
                        "enable_service_links": true,
                        "host_aliases": [],
                        "host_ipc": false,
                        "host_network": false,
                        "host_pid": false,
                        "hostname": "",
                        "image_pull_secrets": [],
                        "init_container": [],
                        "node_name": "",
                        "node_selector": {},
                        "priority_class_name": "",
                        "readiness_gate": [],
                        "restart_policy": "Always",
                        "security_context": [],
                        "service_account_name": "",
                        "share_process_namespace": false,
                        "subdomain": "",
                        "termination_grace_period_seconds": 30,
                        "toleration": [],
                        "topology_spread_constraint": [],
                        "volume": []
                      }
                    ]
                  }
                ]
              }
            ],
            "timeouts": null,
            "wait_for_rollout": true
          },
          "sensitive_attributes": [],
          "private": "eyJlMmJmYjczMC1lY2FhLTExZTYtOGY4OC0zNDM2M2JjN2M0YzAiOnsiY3JlYXRlIjo2MDAwMDAwMDAwMDAsImRlbGV0ZSI6NjAwMDAwMDAwMDAwLCJ1cGRhdGUiOjYwMDAwMDAwMDAwMH0sInNjaGVtYV92ZXJzaW9uIjoiMSJ9",
          "dependencies": [
            "data.google_client_config.provider",
            "data.google_container_cluster.main-cluster-zone-a"
          ]
        }
      ]
    },
    {
      "mode": "managed",
      "type": "kubernetes_ingress",
      "name": "http_ingress",
      "provider": "provider[\"registry.terraform.io/hashicorp/kubernetes\"]",
      "instances": [
        {
          "schema_version": 1,
          "attributes": {
            "id": "default/http-ingress",
            "metadata": [
              {
                "annotations": {},
                "generate_name": "",
                "generation": 1,
                "labels": {},
                "name": "http-ingress",
                "namespace": "default",
                "resource_version": "89467",
                "self_link": "",
                "uid": "75f63446-de7b-4a04-b65c-7763975daa21"
              }
            ],
            "spec": [
              {
                "backend": [
                  {
                    "service_name": "apache2-koho",
                    "service_port": "80"
                  }
                ],
                "ingress_class_name": "",
                "rule": [],
                "tls": [
                  {
                    "hosts": [
                      "koho.rescuityonline.com"
                    ],
                    "secret_name": "koho_tls"
                  }
                ]
              }
            ],
            "status": [
              {
                "load_balancer": [
                  {
                    "ingress": []
                  }
                ]
              }
            ],
            "wait_for_load_balancer": null
          },
          "sensitive_attributes": [],
          "private": "eyJzY2hlbWFfdmVyc2lvbiI6IjEifQ==",
          "dependencies": [
            "data.google_container_cluster.main-cluster-zone-a",
            "kubernetes_deployment.apache2_koho",
            "data.google_client_config.provider"
          ]
        }
      ]
    },
    {
      "mode": "managed",
      "type": "kubernetes_secret",
      "name": "koho_tls",
      "provider": "provider[\"registry.terraform.io/hashicorp/kubernetes\"]",
      "instances": [
        {
          "schema_version": 0,
          "attributes": {
            "binary_data": null,
            "data": {
              "tls.crt": "-----BEGIN CERTIFICATE-----\nMIIFMjCCBBqgAwIBAgISA22uXrddylpYd7bfMKOO4K/rMA0GCSqGSIb3DQEBCwUA\nMDIxCzAJBgNVBAYTAlVTMRYwFAYDVQQKEw1MZXQncyBFbmNyeXB0MQswCQYDVQQD\nEwJSMzAeFw0yMTA0MjkyMTA4NDlaFw0yMTA3MjgyMTA4NDlaMCIxIDAeBgNVBAMT\nF2tvaG8ucmVzY3VpdHlvbmxpbmUuY29tMIIBIjANBgkqhkiG9w0BAQEFAAOCAQ8A\nMIIBCgKCAQEA3yWrpJmBN2KSFurMTfKMnZy3udAAeGsHcRCiMcRU7QdlPMNHgXkb\nQneFwcXAirldPtwwaQHu7iYafhQJTlog9Y0z/Ip+bjjI+x8pRMM7A9ObFus2jWPV\n4G2kHPoBQxxC7pq/FTm6yHV5edOZXTUN1J6XailNytRWWzkj0xve+ewDo01Lo9v1\nZSqsrrynIwI6EM+OVhD9ssmawJ7whPI9hRS7H0vm5YKNPcitYK5/ixudDS7yLc0c\n4xJUWhGD2XXCGTU8y0/ILETKKaOpiUoKAjkF2Pr7lVYZ7RujyO2FAuxZuK/OsLHJ\nCSfXWGXKI2rG8tD3Ncdi9KBWnsVghb5vUQIDAQABo4ICUDCCAkwwDgYDVR0PAQH/\nBAQDAgWgMB0GA1UdJQQWMBQGCCsGAQUFBwMBBggrBgEFBQcDAjAMBgNVHRMBAf8E\nAjAAMB0GA1UdDgQWBBQqdXFL1Hr3WtwNqX6ZXx2qcZud3DAfBgNVHSMEGDAWgBQU\nLrMXt1hWy65QCUDmH6+dixTCxjBVBggrBgEFBQcBAQRJMEcwIQYIKwYBBQUHMAGG\nFWh0dHA6Ly9yMy5vLmxlbmNyLm9yZzAiBggrBgEFBQcwAoYWaHR0cDovL3IzLmku\nbGVuY3Iub3JnLzAiBgNVHREEGzAZghdrb2hvLnJlc2N1aXR5b25saW5lLmNvbTBM\nBgNVHSAERTBDMAgGBmeBDAECATA3BgsrBgEEAYLfEwEBATAoMCYGCCsGAQUFBwIB\nFhpodHRwOi8vY3BzLmxldHNlbmNyeXB0Lm9yZzCCAQIGCisGAQQB1nkCBAIEgfME\ngfAA7gB1AFzcQ5L+5qtFRLFemtRW5hA3+9X6R9yhc5SyXub2xw7KAAABeR+tZ10A\nAAQDAEYwRAIgVUB/DLe63k/jXj697qIu+6ta1mrONUqPs5kSbFKoGVsCICYgAXMB\nSCqqbmx07aPmm9ryCh4yTIeCbyg+7Fg0EVfUAHUA9lyUL9F3MCIUVBgIMJRWjuNN\nExkzv98MLyALzE7xZOMAAAF5H61p7gAABAMARjBEAiANTfY4MMrlC0PCvH8xzMxn\ny03/GjAWjn4mg8GRj06qjQIgUAV/vuaRkOBvFjU8oj8Km3TRmo7+TEjPntMxtLdQ\nYDkwDQYJKoZIhvcNAQELBQADggEBAIyJTS2ljB4YIw2oyQxeXLSWAze/GIFs/QY6\n4ikam/ZYEVpxlGw5Jkx1B3eMRvCYMnQ1Bbh6NyyRlJO8Xz6i2HMmrk2V9ogMhBMY\nqyhWd1fRMCC9HkrHAPGjjbn2qzwon0UuiEfM2FEj7wWDexMkiOBlE5yFGaRyiHhJ\nGvGvxrdy0TFMGsDPHK/YPBkQHqEM39Idz1rfQeOAez2uacyJP8ANc8eq4LC31djH\n2ekrXh8VZz5RlSfp5g5tME9btGMTs2dAZrqU1yM0w9c7Rzf2mseSrpowvowtHCbA\nVobE24YoVztNdW6E+tzrF69GUch6XH2heIRQ0S7BseVEh0G8gWA=\n-----END CERTIFICATE-----\n",
              "tls.key": "-----BEGIN PRIVATE KEY-----\nMIIEvgIBADANBgkqhkiG9w0BAQEFAASCBKgwggSkAgEAAoIBAQDfJaukmYE3YpIW\n6sxN8oydnLe50AB4awdxEKIxxFTtB2U8w0eBeRtCd4XBxcCKuV0+3DBpAe7uJhp+\nFAlOWiD1jTP8in5uOMj7HylEwzsD05sW6zaNY9XgbaQc+gFDHELumr8VObrIdXl5\n05ldNQ3UnpdqKU3K1FZbOSPTG9757AOjTUuj2/VlKqyuvKcjAjoQz45WEP2yyZrA\nnvCE8j2FFLsfS+blgo09yK1grn+LG50NLvItzRzjElRaEYPZdcIZNTzLT8gsRMop\no6mJSgoCOQXY+vuVVhntG6PI7YUC7Fm4r86wsckJJ9dYZcojasby0Pc1x2L0oFae\nxWCFvm9RAgMBAAECggEBAK8E0s01AN45169V1YxFcvij1I5OkC/icmHB1BUIkjue\nk07HMyxfmnvVVvmWat/jZzlIZkfWFlp/VEQS3wGvOy6c42tuDJ/StgAQfsPKBF2J\n+JhPP+hBp5xxIkj/5UGHxw9yG/E/6DoVuYNN7XnnhMOA5+2CG9u8E0dVV73anFaT\nyMdbK7cjgKDh/V2jGrq7JRlikVIMRskAAb0sihoGMjNEjC9q2m/DB8eGWYyIZCqm\nqF9kjC2+SZRvszWsxDvDXOjV3zKftpeOPcDLpgYnefbR5Hv8WO9zu0V65ef41rTo\nxnNy3s7gHlvS5KY+8pf7f5rGYfpnQ6ZxYxpMrn705GECgYEA/wlELi31/QPPw9Nx\nCULU9DBgyGvzVZYXwi8Ufm2wO8Wrx6NsEPT17ODV2XhxViD/dOdOHNisSeAibgub\nA3FMGsrHctIS5+sRiXuKe1RYAUrUZ3Q7TmIJHE+yFwWFbNYJgzEFiV2Tvb09N1b3\nZDpH4vG4TJaiGMU5soZmOI8qsT0CgYEA3/2NoH313mGFeG6aE0iGmfPMR9lLUoX8\nP60C0wkaKbPm0TggXy9iU1qoLUpFvpIgw3cGBM3FGXrWcRyrYidSD43YQjyT21Pp\nhuhmvYrUQD7t1LMs111zfDWZ3MDc6QCxaot7w1QttMc2u33QAj/NzGVkBoFWSUUu\nCV4CDzZwL6UCgYEA6vXEhK7/Q7yxOv6f0yJpQxcW807Q/farqNDrFpdDl63DVseu\nlei4cSWqnxIhiHIaJ7+57UWJZP5DehLjG0bUEJLlMVls5ZFhtMHGkVzhPz+LdExX\nHx2euyCJOEBz7hM67EzLhwRZSqL/tO5AOWygMer0Gktkx2FciKbdohn0ARkCgYAd\nme+elyboFbFC4jMAe2Q2ck677A6VQFm+vImUBC7t9fV6DtXQXn27EE8LdTZUYhFs\nY41rExqKLH6sgiJwHUwt/AvpbQIJSUSibJIvWGqGdwqNQoSZjaMWdir4TpCjRlEs\nCHT5smU779ve2VilA3OaIIggh/U0R6021bKl+gbHdQKBgBNolO++XlekOgChVuYo\nlVjDwELUi+mbE0lrjMIwMjGQEgfVDMrvAQR7V4GeOxxshHsyUstaav+KbctH0xkO\nZxPyFo6jGvYvmYUe6OpTsIocvAntFXJK9CwI02v8wl/cE7eEeV4KIzTeKkSmhYef\nRrILKZmZJM+hQVQAS1ciWBg4\n-----END PRIVATE KEY-----\n"
            },
            "id": "default/koho.rescuityonline.com",
            "metadata": [
              {
                "annotations": {},
                "generate_name": "",
                "generation": 0,
                "labels": {},
                "name": "koho.rescuityonline.com",
                "namespace": "default",
                "resource_version": "92329",
                "self_link": "",
                "uid": "8823b818-6537-4456-b546-dcfa8a746a06"
              }
            ],
            "type": "kubernetes.io/tls"
          },
          "sensitive_attributes": [],
          "private": "bnVsbA==",
          "dependencies": [
            "data.google_container_cluster.main-cluster-zone-a",
            "data.google_client_config.provider"
          ]
        }
      ]
    },
    {
      "mode": "managed",
      "type": "kubernetes_service",
      "name": "koho-rescuityonline",
      "provider": "provider[\"registry.terraform.io/hashicorp/kubernetes\"]",
      "instances": [
        {
          "schema_version": 1,
          "attributes": {
            "id": "default/apache2-koho",
            "metadata": [
              {
                "annotations": {},
                "generate_name": "",
                "generation": 0,
                "labels": {},
                "name": "apache2-koho",
                "namespace": "default",
                "resource_version": "92330",
                "self_link": "",
                "uid": "6497b7c3-90f8-43a8-8764-1e4410bac1ec"
              }
            ],
            "spec": [
              {
                "cluster_ip": "10.36.3.251",
                "external_ips": [],
                "external_name": "",
                "external_traffic_policy": "Cluster",
                "health_check_node_port": 0,
                "load_balancer_ip": "",
                "load_balancer_source_ranges": [],
                "port": [
                  {
                    "name": "",
                    "node_port": 30466,
                    "port": 80,
                    "protocol": "TCP",
                    "target_port": "80"
                  }
                ],
                "publish_not_ready_addresses": false,
                "selector": {
                  "app": "apache2-koho"
                },
                "session_affinity": "ClientIP",
                "type": "LoadBalancer"
              }
            ],
            "status": [
              {
                "load_balancer": [
                  {
                    "ingress": [
                      {
                        "hostname": "",
                        "ip": "34.95.19.109"
                      }
                    ]
                  }
                ]
              }
            ],
            "timeouts": null,
            "wait_for_load_balancer": true
          },
          "sensitive_attributes": [],
          "private": "eyJlMmJmYjczMC1lY2FhLTExZTYtOGY4OC0zNDM2M2JjN2M0YzAiOnsiY3JlYXRlIjo2MDAwMDAwMDAwMDB9LCJzY2hlbWFfdmVyc2lvbiI6IjEifQ==",
          "dependencies": [
            "data.google_client_config.provider",
            "data.google_container_cluster.main-cluster-zone-a",
            "kubernetes_deployment.apache2_koho"
          ]
        }
      ]
    }
  ]
}
